// !$*UTF8*$!
{
	archiveVersion = 1;
	classes = {
	};
	objectVersion = 50;
	objects = {

/* Begin PBXBuildFile section */
		E61E5E6222D0377400534509 /* ReverseLinkedListII.cpp in Sources */ = {isa = PBXBuildFile; fileRef = E61E5E5B22D0377300534509 /* ReverseLinkedListII.cpp */; };
		E61E5E6322D0377400534509 /* InsertSort.cpp in Sources */ = {isa = PBXBuildFile; fileRef = E61E5E5C22D0377300534509 /* InsertSort.cpp */; };
		E61E5E6422D0377400534509 /* ReverseLinkedList.cpp in Sources */ = {isa = PBXBuildFile; fileRef = E61E5E5D22D0377400534509 /* ReverseLinkedList.cpp */; };
		E61E5E6522D0377400534509 /* LengthOfLongestSubstring.cpp in Sources */ = {isa = PBXBuildFile; fileRef = E61E5E5F22D0377400534509 /* LengthOfLongestSubstring.cpp */; };
		E61E5E6622D0377400534509 /* MergeTwoSortedList.cpp in Sources */ = {isa = PBXBuildFile; fileRef = E61E5E6022D0377400534509 /* MergeTwoSortedList.cpp */; };
		E61E5E6722D0377400534509 /* SortLinkedList.cpp in Sources */ = {isa = PBXBuildFile; fileRef = E61E5E6122D0377400534509 /* SortLinkedList.cpp */; };
		E622EF562307E5AD00CE42EE /* Triangle.cpp in Sources */ = {isa = PBXBuildFile; fileRef = E622EF552307E5AD00CE42EE /* Triangle.cpp */; };
		E622EF58230A522F00CE42EE /* UniqueBinarySearchTrees.cpp in Sources */ = {isa = PBXBuildFile; fileRef = E622EF57230A522F00CE42EE /* UniqueBinarySearchTrees.cpp */; };
		E622EF5A230AC3BE00CE42EE /* UniquePathsII.cpp in Sources */ = {isa = PBXBuildFile; fileRef = E622EF59230AC3BE00CE42EE /* UniquePathsII.cpp */; };
		E628DD8F22E7616300FCB4DB /* CombinationSum.cpp in Sources */ = {isa = PBXBuildFile; fileRef = E628DD8622E7616200FCB4DB /* CombinationSum.cpp */; };
		E628DD9022E7616300FCB4DB /* LetterCombinations.cpp in Sources */ = {isa = PBXBuildFile; fileRef = E628DD8722E7616200FCB4DB /* LetterCombinations.cpp */; };
		E628DD9122E7616300FCB4DB /* GroupAnagrams.cpp in Sources */ = {isa = PBXBuildFile; fileRef = E628DD8822E7616300FCB4DB /* GroupAnagrams.cpp */; };
		E628DD9222E7616300FCB4DB /* FindFLPositionInSortedArray.cpp in Sources */ = {isa = PBXBuildFile; fileRef = E628DD8922E7616300FCB4DB /* FindFLPositionInSortedArray.cpp */; };
		E628DD9322E7616300FCB4DB /* MergeIntervals.cpp in Sources */ = {isa = PBXBuildFile; fileRef = E628DD8A22E7616300FCB4DB /* MergeIntervals.cpp */; };
		E628DD9422E7616300FCB4DB /* RotateImage.cpp in Sources */ = {isa = PBXBuildFile; fileRef = E628DD8B22E7616300FCB4DB /* RotateImage.cpp */; };
		E628DD9522E7616300FCB4DB /* RemoveNthFromEnd.cpp in Sources */ = {isa = PBXBuildFile; fileRef = E628DD8C22E7616300FCB4DB /* RemoveNthFromEnd.cpp */; };
		E628DD9622E7616300FCB4DB /* TeemoAttacking.cpp in Sources */ = {isa = PBXBuildFile; fileRef = E628DD8D22E7616300FCB4DB /* TeemoAttacking.cpp */; };
		E628DD9722E7616300FCB4DB /* GenerateParenthesis.cpp in Sources */ = {isa = PBXBuildFile; fileRef = E628DD8E22E7616300FCB4DB /* GenerateParenthesis.cpp */; };
		E6567E5B22DF7B3E0080AB05 /* KeysAndRooms.cpp in Sources */ = {isa = PBXBuildFile; fileRef = E6567E5A22DF7B3E0080AB05 /* KeysAndRooms.cpp */; };
		E6567E6022E20B0A0080AB05 /* ShiftingLetters.cpp in Sources */ = {isa = PBXBuildFile; fileRef = E6567E5C22E20B090080AB05 /* ShiftingLetters.cpp */; };
		E6567E6122E20B0A0080AB05 /* SubArrayKDifferent.cpp in Sources */ = {isa = PBXBuildFile; fileRef = E6567E5D22E20B0A0080AB05 /* SubArrayKDifferent.cpp */; };
		E6567E6222E20B0A0080AB05 /* Sqrt.cpp in Sources */ = {isa = PBXBuildFile; fileRef = E6567E5E22E20B0A0080AB05 /* Sqrt.cpp */; };
		E6567E6322E20B0A0080AB05 /* PermutationsII.cpp in Sources */ = {isa = PBXBuildFile; fileRef = E6567E5F22E20B0A0080AB05 /* PermutationsII.cpp */; };
		E6567E6522E20DDE0080AB05 /* LongestCommonPrefix.cpp in Sources */ = {isa = PBXBuildFile; fileRef = E6567E6422E20DDE0080AB05 /* LongestCommonPrefix.cpp */; };
		E6567E6722E2CBD20080AB05 /* ValidParentheses.cpp in Sources */ = {isa = PBXBuildFile; fileRef = E6567E6622E2CBD20080AB05 /* ValidParentheses.cpp */; };
		E6567E6922E2FDAB0080AB05 /* RemoveElement.cpp in Sources */ = {isa = PBXBuildFile; fileRef = E6567E6822E2FDAB0080AB05 /* RemoveElement.cpp */; };
		E6567E6B22E30AE30080AB05 /* RemoveDuplicates.cpp in Sources */ = {isa = PBXBuildFile; fileRef = E6567E6A22E30AE30080AB05 /* RemoveDuplicates.cpp */; };
		E6567E6D22E3DBE70080AB05 /* SwapNodesPairs.cpp in Sources */ = {isa = PBXBuildFile; fileRef = E6567E6C22E3DBE70080AB05 /* SwapNodesPairs.cpp */; };
		E6567E6F22E3E25A0080AB05 /* SearchInsert.cpp in Sources */ = {isa = PBXBuildFile; fileRef = E6567E6E22E3E25A0080AB05 /* SearchInsert.cpp */; };
		E6567E7122E42E1A0080AB05 /* CountAndSay.cpp in Sources */ = {isa = PBXBuildFile; fileRef = E6567E7022E42E1A0080AB05 /* CountAndSay.cpp */; };
		E6567E7322E44E5E0080AB05 /* Pow.cpp in Sources */ = {isa = PBXBuildFile; fileRef = E6567E7222E44E5E0080AB05 /* Pow.cpp */; };
		E68BC0D622FCE26100563809 /* PlaceBrick.cpp in Sources */ = {isa = PBXBuildFile; fileRef = E68BC0D522FCE26100563809 /* PlaceBrick.cpp */; };
		E68BC0D822FEBFD100563809 /* UniquePaths.cpp in Sources */ = {isa = PBXBuildFile; fileRef = E68BC0D722FEBFD100563809 /* UniquePaths.cpp */; };
		E68BC0DA22FED17100563809 /* MinimumPathSum.cpp in Sources */ = {isa = PBXBuildFile; fileRef = E68BC0D922FED17100563809 /* MinimumPathSum.cpp */; };
		E68BC0DC22FED8C500563809 /* ClimbingStairs.cpp in Sources */ = {isa = PBXBuildFile; fileRef = E68BC0DB22FED8C500563809 /* ClimbingStairs.cpp */; };
		E6AAE7F122A5759B00A071F3 /* StrStr.cpp in Sources */ = {isa = PBXBuildFile; fileRef = E6AAE7EE22A5759B00A071F3 /* StrStr.cpp */; };
		E6AAE7F222A5759B00A071F3 /* 3Sum.cpp in Sources */ = {isa = PBXBuildFile; fileRef = E6AAE7EF22A5759B00A071F3 /* 3Sum.cpp */; };
		E6AAE7F322A5759B00A071F3 /* TimeBasedKVStore.cpp in Sources */ = {isa = PBXBuildFile; fileRef = E6AAE7F022A5759B00A071F3 /* TimeBasedKVStore.cpp */; };
		E6AAE7F622A81DBD00A071F3 /* PartionGet.cpp in Sources */ = {isa = PBXBuildFile; fileRef = E6AAE7F422A81DBD00A071F3 /* PartionGet.cpp */; };
		E6AAE7F722A81DBD00A071F3 /* MaximumSubArray.cpp in Sources */ = {isa = PBXBuildFile; fileRef = E6AAE7F522A81DBD00A071F3 /* MaximumSubArray.cpp */; };
		E6AAE7F922A81EEA00A071F3 /* QuickSort.cpp in Sources */ = {isa = PBXBuildFile; fileRef = E6AAE7F822A81EEA00A071F3 /* QuickSort.cpp */; };
		E6B9FBC922A20C4500361BFE /* TestCase.cpp in Sources */ = {isa = PBXBuildFile; fileRef = E6B9FBC122A20C4500361BFE /* TestCase.cpp */; };
		E6B9FBCA22A20C4500361BFE /* MultiplyStrings.cpp in Sources */ = {isa = PBXBuildFile; fileRef = E6B9FBC222A20C4500361BFE /* MultiplyStrings.cpp */; };
		E6B9FBCB22A20C4500361BFE /* AddTwoNumbers.cpp in Sources */ = {isa = PBXBuildFile; fileRef = E6B9FBC322A20C4500361BFE /* AddTwoNumbers.cpp */; };
		E6B9FBCC22A20C4500361BFE /* WildcardMatching.cpp in Sources */ = {isa = PBXBuildFile; fileRef = E6B9FBC522A20C4500361BFE /* WildcardMatching.cpp */; };
		E6B9FBCD22A20C4500361BFE /* main.cpp in Sources */ = {isa = PBXBuildFile; fileRef = E6B9FBC722A20C4500361BFE /* main.cpp */; };
		E6B9FBCE22A20C4500361BFE /* TwoSum.cpp in Sources */ = {isa = PBXBuildFile; fileRef = E6B9FBC822A20C4500361BFE /* TwoSum.cpp */; };
		E6B9FBD022A2157300361BFE /* BST2GST.cpp in Sources */ = {isa = PBXBuildFile; fileRef = E6B9FBCF22A2157300361BFE /* BST2GST.cpp */; };
		E6BC6BD422C262DC007B920D /* RemoveLinkedList.cpp in Sources */ = {isa = PBXBuildFile; fileRef = E6BC6BD322C262DC007B920D /* RemoveLinkedList.cpp */; };
		E6BC6BD622C2638D007B920D /* PalindromeList.cpp in Sources */ = {isa = PBXBuildFile; fileRef = E6BC6BD522C2638D007B920D /* PalindromeList.cpp */; };
		E6BC6BD822C26679007B920D /* InsertSortList.cpp in Sources */ = {isa = PBXBuildFile; fileRef = E6BC6BD722C26679007B920D /* InsertSortList.cpp */; };
		E6C8501422B63AD000C3B767 /* PriorityQueue.cpp in Sources */ = {isa = PBXBuildFile; fileRef = E6C8501322B63AD000C3B767 /* PriorityQueue.cpp */; };
		E6DC590922E8BFE400E9CD3D /* 8Queens.cpp in Sources */ = {isa = PBXBuildFile; fileRef = E6DC590822E8BFE400E9CD3D /* 8Queens.cpp */; };
		E6DC590C22ED9AC100E9CD3D /* ValidSudoku.cpp in Sources */ = {isa = PBXBuildFile; fileRef = E6DC590A22ED9AC100E9CD3D /* ValidSudoku.cpp */; };
		E6DC590D22ED9AC100E9CD3D /* SudokuSolver.cpp in Sources */ = {isa = PBXBuildFile; fileRef = E6DC590B22ED9AC100E9CD3D /* SudokuSolver.cpp */; };
		E6DC590F22EDAAAC00E9CD3D /* SearchRotatedSortedArray.cpp in Sources */ = {isa = PBXBuildFile; fileRef = E6DC590E22EDAAAC00E9CD3D /* SearchRotatedSortedArray.cpp */; };
		E6DC591322EFB4AB00E9CD3D /* NQueensII.cpp in Sources */ = {isa = PBXBuildFile; fileRef = E6DC591022EFB4AB00E9CD3D /* NQueensII.cpp */; };
		E6DC591422EFB4AB00E9CD3D /* PlusOne.cpp in Sources */ = {isa = PBXBuildFile; fileRef = E6DC591122EFB4AB00E9CD3D /* PlusOne.cpp */; };
		E6DC591522EFB4AB00E9CD3D /* NQueens.cpp in Sources */ = {isa = PBXBuildFile; fileRef = E6DC591222EFB4AB00E9CD3D /* NQueens.cpp */; };
		E6DC591722EFB89A00E9CD3D /* 3SumClosest.cpp in Sources */ = {isa = PBXBuildFile; fileRef = E6DC591622EFB89A00E9CD3D /* 3SumClosest.cpp */; };
		E6DC591922F0A5BE00E9CD3D /* KClosestPointsToOrigin.cpp in Sources */ = {isa = PBXBuildFile; fileRef = E6DC591822F0A5BE00E9CD3D /* KClosestPointsToOrigin.cpp */; };
		E6DC591C22F1E0A600E9CD3D /* ReverseString.cpp in Sources */ = {isa = PBXBuildFile; fileRef = E6DC591A22F1E0A500E9CD3D /* ReverseString.cpp */; };
		E6DC591D22F1E0A600E9CD3D /* MostCommonWord.cpp in Sources */ = {isa = PBXBuildFile; fileRef = E6DC591B22F1E0A500E9CD3D /* MostCommonWord.cpp */; };
		E6DC592122F4A93A00E9CD3D /* PathSumII.cpp in Sources */ = {isa = PBXBuildFile; fileRef = E6DC591E22F4A93A00E9CD3D /* PathSumII.cpp */; };
		E6DC592222F4A93A00E9CD3D /* SubarraySumEqualsK.cpp in Sources */ = {isa = PBXBuildFile; fileRef = E6DC591F22F4A93A00E9CD3D /* SubarraySumEqualsK.cpp */; };
		E6DC592322F4A93A00E9CD3D /* SingleElementInSortedArray.cpp in Sources */ = {isa = PBXBuildFile; fileRef = E6DC592022F4A93A00E9CD3D /* SingleElementInSortedArray.cpp */; };
		E6DC592522F577E600E9CD3D /* ContinuousSubarraySum.cpp in Sources */ = {isa = PBXBuildFile; fileRef = E6DC592422F577E600E9CD3D /* ContinuousSubarraySum.cpp */; };
		E6DC592722F6B30A00E9CD3D /* MaxIncreaseKeepSkyline.cpp in Sources */ = {isa = PBXBuildFile; fileRef = E6DC592622F6B30A00E9CD3D /* MaxIncreaseKeepSkyline.cpp */; };
		E6DC592A22F6C65600E9CD3D /* LongestCommonSubsequence.cpp in Sources */ = {isa = PBXBuildFile; fileRef = E6DC592922F6C65600E9CD3D /* LongestCommonSubsequence.cpp */; };
		E6DC592C22F6D60700E9CD3D /* 4SumII.cpp in Sources */ = {isa = PBXBuildFile; fileRef = E6DC592B22F6D60700E9CD3D /* 4SumII.cpp */; };
		E6DC592E22F6DE1E00E9CD3D /* Knapsack.cpp in Sources */ = {isa = PBXBuildFile; fileRef = E6DC592D22F6DE1E00E9CD3D /* Knapsack.cpp */; };
		E6DC593022F7150700E9CD3D /* GenerateRandomPointInCircle.cpp in Sources */ = {isa = PBXBuildFile; fileRef = E6DC592F22F7150700E9CD3D /* GenerateRandomPointInCircle.cpp */; };
		E6E79CF322D3A622008A66AB /* RomanToNumber.cpp in Sources */ = {isa = PBXBuildFile; fileRef = E6E79CF222D3A622008A66AB /* RomanToNumber.cpp */; };
		E6E79CF722D4EF3A008A66AB /* IntegerToRoman.cpp in Sources */ = {isa = PBXBuildFile; fileRef = E6E79CF422D4EF3A008A66AB /* IntegerToRoman.cpp */; };
		E6E79CF822D4EF3A008A66AB /* ZigZagConversion.cpp in Sources */ = {isa = PBXBuildFile; fileRef = E6E79CF522D4EF3A008A66AB /* ZigZagConversion.cpp */; };
		E6E79CF922D4EF3A008A66AB /* LongestPalindromicSubstring.cpp in Sources */ = {isa = PBXBuildFile; fileRef = E6E79CF622D4EF3A008A66AB /* LongestPalindromicSubstring.cpp */; };
		E6E79CFB22D4FA31008A66AB /* ContainerMostWater.cpp in Sources */ = {isa = PBXBuildFile; fileRef = E6E79CFA22D4FA31008A66AB /* ContainerMostWater.cpp */; };
		E6E79CFD22D64160008A66AB /* ConstructBinaryTree.cpp in Sources */ = {isa = PBXBuildFile; fileRef = E6E79CFC22D64160008A66AB /* ConstructBinaryTree.cpp */; };
		E6E79D0422D8CCFE008A66AB /* BinaryTreePreorderTraversal.cpp in Sources */ = {isa = PBXBuildFile; fileRef = E6E79D0022D8CCFE008A66AB /* BinaryTreePreorderTraversal.cpp */; };
		E6E79D0522D8CCFE008A66AB /* CountNumbersUniqueDigits.cpp in Sources */ = {isa = PBXBuildFile; fileRef = E6E79D0122D8CCFE008A66AB /* CountNumbersUniqueDigits.cpp */; };
		E6E79D0622D8CCFE008A66AB /* ShoppingOffers.cpp in Sources */ = {isa = PBXBuildFile; fileRef = E6E79D0222D8CCFE008A66AB /* ShoppingOffers.cpp */; };
		E6E79D0722D8CCFE008A66AB /* BinaryTreeInorderTraversal.cpp in Sources */ = {isa = PBXBuildFile; fileRef = E6E79D0322D8CCFE008A66AB /* BinaryTreeInorderTraversal.cpp */; };
		E6FDBC5E22BA8E7700ACB295 /* HeapSort.cpp in Sources */ = {isa = PBXBuildFile; fileRef = E6FDBC5C22BA8E7700ACB295 /* HeapSort.cpp */; };
		E6FDBC5F22BA8E7700ACB295 /* PalindromeNumber.cpp in Sources */ = {isa = PBXBuildFile; fileRef = E6FDBC5D22BA8E7700ACB295 /* PalindromeNumber.cpp */; };
		E6FDBC6122BDBCE300ACB295 /* ReverseInt.cpp in Sources */ = {isa = PBXBuildFile; fileRef = E6FDBC6022BDBCE300ACB295 /* ReverseInt.cpp */; };
		E6FDBC6322BF70ED00ACB295 /* RandomizedSelection.cpp in Sources */ = {isa = PBXBuildFile; fileRef = E6FDBC6222BF70ED00ACB295 /* RandomizedSelection.cpp */; };
/* End PBXBuildFile section */

/* Begin PBXCopyFilesBuildPhase section */
		E6B9FBA522A20BB900361BFE /* CopyFiles */ = {
			isa = PBXCopyFilesBuildPhase;
			buildActionMask = 2147483647;
			dstPath = /usr/share/man/man1/;
			dstSubfolderSpec = 0;
			files = (
			);
			runOnlyForDeploymentPostprocessing = 1;
		};
/* End PBXCopyFilesBuildPhase section */

/* Begin PBXFileReference section */
		E61E5E5B22D0377300534509 /* ReverseLinkedListII.cpp */ = {isa = PBXFileReference; fileEncoding = 4; lastKnownFileType = sourcecode.cpp.cpp; path = ReverseLinkedListII.cpp; sourceTree = "<group>"; };
		E61E5E5C22D0377300534509 /* InsertSort.cpp */ = {isa = PBXFileReference; fileEncoding = 4; lastKnownFileType = sourcecode.cpp.cpp; path = InsertSort.cpp; sourceTree = "<group>"; };
		E61E5E5D22D0377400534509 /* ReverseLinkedList.cpp */ = {isa = PBXFileReference; fileEncoding = 4; lastKnownFileType = sourcecode.cpp.cpp; path = ReverseLinkedList.cpp; sourceTree = "<group>"; };
		E61E5E5E22D0377400534509 /* LinkedListCommon.h */ = {isa = PBXFileReference; fileEncoding = 4; lastKnownFileType = sourcecode.c.h; path = LinkedListCommon.h; sourceTree = "<group>"; };
		E61E5E5F22D0377400534509 /* LengthOfLongestSubstring.cpp */ = {isa = PBXFileReference; fileEncoding = 4; lastKnownFileType = sourcecode.cpp.cpp; path = LengthOfLongestSubstring.cpp; sourceTree = "<group>"; };
		E61E5E6022D0377400534509 /* MergeTwoSortedList.cpp */ = {isa = PBXFileReference; fileEncoding = 4; lastKnownFileType = sourcecode.cpp.cpp; path = MergeTwoSortedList.cpp; sourceTree = "<group>"; };
		E61E5E6122D0377400534509 /* SortLinkedList.cpp */ = {isa = PBXFileReference; fileEncoding = 4; lastKnownFileType = sourcecode.cpp.cpp; path = SortLinkedList.cpp; sourceTree = "<group>"; };
		E622EF552307E5AD00CE42EE /* Triangle.cpp */ = {isa = PBXFileReference; lastKnownFileType = sourcecode.cpp.cpp; path = Triangle.cpp; sourceTree = "<group>"; };
		E622EF57230A522F00CE42EE /* UniqueBinarySearchTrees.cpp */ = {isa = PBXFileReference; lastKnownFileType = sourcecode.cpp.cpp; path = UniqueBinarySearchTrees.cpp; sourceTree = "<group>"; };
		E622EF59230AC3BE00CE42EE /* UniquePathsII.cpp */ = {isa = PBXFileReference; lastKnownFileType = sourcecode.cpp.cpp; path = UniquePathsII.cpp; sourceTree = "<group>"; };
		E628DD8622E7616200FCB4DB /* CombinationSum.cpp */ = {isa = PBXFileReference; fileEncoding = 4; lastKnownFileType = sourcecode.cpp.cpp; path = CombinationSum.cpp; sourceTree = "<group>"; };
		E628DD8722E7616200FCB4DB /* LetterCombinations.cpp */ = {isa = PBXFileReference; fileEncoding = 4; lastKnownFileType = sourcecode.cpp.cpp; path = LetterCombinations.cpp; sourceTree = "<group>"; };
		E628DD8822E7616300FCB4DB /* GroupAnagrams.cpp */ = {isa = PBXFileReference; fileEncoding = 4; lastKnownFileType = sourcecode.cpp.cpp; path = GroupAnagrams.cpp; sourceTree = "<group>"; };
		E628DD8922E7616300FCB4DB /* FindFLPositionInSortedArray.cpp */ = {isa = PBXFileReference; fileEncoding = 4; lastKnownFileType = sourcecode.cpp.cpp; path = FindFLPositionInSortedArray.cpp; sourceTree = "<group>"; };
		E628DD8A22E7616300FCB4DB /* MergeIntervals.cpp */ = {isa = PBXFileReference; fileEncoding = 4; lastKnownFileType = sourcecode.cpp.cpp; path = MergeIntervals.cpp; sourceTree = "<group>"; };
		E628DD8B22E7616300FCB4DB /* RotateImage.cpp */ = {isa = PBXFileReference; fileEncoding = 4; lastKnownFileType = sourcecode.cpp.cpp; path = RotateImage.cpp; sourceTree = "<group>"; };
		E628DD8C22E7616300FCB4DB /* RemoveNthFromEnd.cpp */ = {isa = PBXFileReference; fileEncoding = 4; lastKnownFileType = sourcecode.cpp.cpp; path = RemoveNthFromEnd.cpp; sourceTree = "<group>"; };
		E628DD8D22E7616300FCB4DB /* TeemoAttacking.cpp */ = {isa = PBXFileReference; fileEncoding = 4; lastKnownFileType = sourcecode.cpp.cpp; path = TeemoAttacking.cpp; sourceTree = "<group>"; };
		E628DD8E22E7616300FCB4DB /* GenerateParenthesis.cpp */ = {isa = PBXFileReference; fileEncoding = 4; lastKnownFileType = sourcecode.cpp.cpp; path = GenerateParenthesis.cpp; sourceTree = "<group>"; };
		E6567E5A22DF7B3E0080AB05 /* KeysAndRooms.cpp */ = {isa = PBXFileReference; lastKnownFileType = sourcecode.cpp.cpp; path = KeysAndRooms.cpp; sourceTree = "<group>"; };
		E6567E5C22E20B090080AB05 /* ShiftingLetters.cpp */ = {isa = PBXFileReference; fileEncoding = 4; lastKnownFileType = sourcecode.cpp.cpp; path = ShiftingLetters.cpp; sourceTree = "<group>"; };
		E6567E5D22E20B0A0080AB05 /* SubArrayKDifferent.cpp */ = {isa = PBXFileReference; fileEncoding = 4; lastKnownFileType = sourcecode.cpp.cpp; path = SubArrayKDifferent.cpp; sourceTree = "<group>"; };
		E6567E5E22E20B0A0080AB05 /* Sqrt.cpp */ = {isa = PBXFileReference; fileEncoding = 4; lastKnownFileType = sourcecode.cpp.cpp; path = Sqrt.cpp; sourceTree = "<group>"; };
		E6567E5F22E20B0A0080AB05 /* PermutationsII.cpp */ = {isa = PBXFileReference; fileEncoding = 4; lastKnownFileType = sourcecode.cpp.cpp; path = PermutationsII.cpp; sourceTree = "<group>"; };
		E6567E6422E20DDE0080AB05 /* LongestCommonPrefix.cpp */ = {isa = PBXFileReference; lastKnownFileType = sourcecode.cpp.cpp; path = LongestCommonPrefix.cpp; sourceTree = "<group>"; };
		E6567E6622E2CBD20080AB05 /* ValidParentheses.cpp */ = {isa = PBXFileReference; lastKnownFileType = sourcecode.cpp.cpp; path = ValidParentheses.cpp; sourceTree = "<group>"; };
		E6567E6822E2FDAB0080AB05 /* RemoveElement.cpp */ = {isa = PBXFileReference; lastKnownFileType = sourcecode.cpp.cpp; path = RemoveElement.cpp; sourceTree = "<group>"; };
		E6567E6A22E30AE30080AB05 /* RemoveDuplicates.cpp */ = {isa = PBXFileReference; lastKnownFileType = sourcecode.cpp.cpp; path = RemoveDuplicates.cpp; sourceTree = "<group>"; };
		E6567E6C22E3DBE70080AB05 /* SwapNodesPairs.cpp */ = {isa = PBXFileReference; lastKnownFileType = sourcecode.cpp.cpp; path = SwapNodesPairs.cpp; sourceTree = "<group>"; };
		E6567E6E22E3E25A0080AB05 /* SearchInsert.cpp */ = {isa = PBXFileReference; lastKnownFileType = sourcecode.cpp.cpp; path = SearchInsert.cpp; sourceTree = "<group>"; };
		E6567E7022E42E1A0080AB05 /* CountAndSay.cpp */ = {isa = PBXFileReference; lastKnownFileType = sourcecode.cpp.cpp; path = CountAndSay.cpp; sourceTree = "<group>"; };
		E6567E7222E44E5E0080AB05 /* Pow.cpp */ = {isa = PBXFileReference; lastKnownFileType = sourcecode.cpp.cpp; path = Pow.cpp; sourceTree = "<group>"; };
		E68BC0D522FCE26100563809 /* PlaceBrick.cpp */ = {isa = PBXFileReference; lastKnownFileType = sourcecode.cpp.cpp; path = PlaceBrick.cpp; sourceTree = "<group>"; };
		E68BC0D722FEBFD100563809 /* UniquePaths.cpp */ = {isa = PBXFileReference; lastKnownFileType = sourcecode.cpp.cpp; path = UniquePaths.cpp; sourceTree = "<group>"; };
		E68BC0D922FED17100563809 /* MinimumPathSum.cpp */ = {isa = PBXFileReference; lastKnownFileType = sourcecode.cpp.cpp; path = MinimumPathSum.cpp; sourceTree = "<group>"; };
		E68BC0DB22FED8C500563809 /* ClimbingStairs.cpp */ = {isa = PBXFileReference; lastKnownFileType = sourcecode.cpp.cpp; path = ClimbingStairs.cpp; sourceTree = "<group>"; };
		E6AAE7EE22A5759B00A071F3 /* StrStr.cpp */ = {isa = PBXFileReference; fileEncoding = 4; lastKnownFileType = sourcecode.cpp.cpp; path = StrStr.cpp; sourceTree = "<group>"; };
		E6AAE7EF22A5759B00A071F3 /* 3Sum.cpp */ = {isa = PBXFileReference; fileEncoding = 4; lastKnownFileType = sourcecode.cpp.cpp; path = 3Sum.cpp; sourceTree = "<group>"; };
		E6AAE7F022A5759B00A071F3 /* TimeBasedKVStore.cpp */ = {isa = PBXFileReference; fileEncoding = 4; lastKnownFileType = sourcecode.cpp.cpp; path = TimeBasedKVStore.cpp; sourceTree = "<group>"; };
		E6AAE7F422A81DBD00A071F3 /* PartionGet.cpp */ = {isa = PBXFileReference; fileEncoding = 4; lastKnownFileType = sourcecode.cpp.cpp; path = PartionGet.cpp; sourceTree = "<group>"; };
		E6AAE7F522A81DBD00A071F3 /* MaximumSubArray.cpp */ = {isa = PBXFileReference; fileEncoding = 4; lastKnownFileType = sourcecode.cpp.cpp; path = MaximumSubArray.cpp; sourceTree = "<group>"; };
		E6AAE7F822A81EEA00A071F3 /* QuickSort.cpp */ = {isa = PBXFileReference; lastKnownFileType = sourcecode.cpp.cpp; path = QuickSort.cpp; sourceTree = "<group>"; };
		E6B9FBA722A20BBA00361BFE /* leetcode_exercise */ = {isa = PBXFileReference; explicitFileType = "compiled.mach-o.executable"; includeInIndex = 0; path = leetcode_exercise; sourceTree = BUILT_PRODUCTS_DIR; };
		E6B9FBC122A20C4500361BFE /* TestCase.cpp */ = {isa = PBXFileReference; fileEncoding = 4; lastKnownFileType = sourcecode.cpp.cpp; path = TestCase.cpp; sourceTree = "<group>"; };
		E6B9FBC222A20C4500361BFE /* MultiplyStrings.cpp */ = {isa = PBXFileReference; fileEncoding = 4; lastKnownFileType = sourcecode.cpp.cpp; path = MultiplyStrings.cpp; sourceTree = "<group>"; };
		E6B9FBC322A20C4500361BFE /* AddTwoNumbers.cpp */ = {isa = PBXFileReference; fileEncoding = 4; lastKnownFileType = sourcecode.cpp.cpp; path = AddTwoNumbers.cpp; sourceTree = "<group>"; };
		E6B9FBC422A20C4500361BFE /* TestCase.h */ = {isa = PBXFileReference; fileEncoding = 4; lastKnownFileType = sourcecode.c.h; path = TestCase.h; sourceTree = "<group>"; };
		E6B9FBC522A20C4500361BFE /* WildcardMatching.cpp */ = {isa = PBXFileReference; fileEncoding = 4; lastKnownFileType = sourcecode.cpp.cpp; path = WildcardMatching.cpp; sourceTree = "<group>"; };
		E6B9FBC722A20C4500361BFE /* main.cpp */ = {isa = PBXFileReference; fileEncoding = 4; lastKnownFileType = sourcecode.cpp.cpp; path = main.cpp; sourceTree = "<group>"; };
		E6B9FBC822A20C4500361BFE /* TwoSum.cpp */ = {isa = PBXFileReference; fileEncoding = 4; lastKnownFileType = sourcecode.cpp.cpp; path = TwoSum.cpp; sourceTree = "<group>"; };
		E6B9FBCF22A2157300361BFE /* BST2GST.cpp */ = {isa = PBXFileReference; lastKnownFileType = sourcecode.cpp.cpp; path = BST2GST.cpp; sourceTree = "<group>"; };
		E6BC6BD322C262DC007B920D /* RemoveLinkedList.cpp */ = {isa = PBXFileReference; lastKnownFileType = sourcecode.cpp.cpp; path = RemoveLinkedList.cpp; sourceTree = "<group>"; };
		E6BC6BD522C2638D007B920D /* PalindromeList.cpp */ = {isa = PBXFileReference; fileEncoding = 4; lastKnownFileType = sourcecode.cpp.cpp; path = PalindromeList.cpp; sourceTree = "<group>"; };
		E6BC6BD722C26679007B920D /* InsertSortList.cpp */ = {isa = PBXFileReference; lastKnownFileType = sourcecode.cpp.cpp; path = InsertSortList.cpp; sourceTree = "<group>"; };
		E6C8501322B63AD000C3B767 /* PriorityQueue.cpp */ = {isa = PBXFileReference; lastKnownFileType = sourcecode.cpp.cpp; path = PriorityQueue.cpp; sourceTree = "<group>"; };
		E6DC590822E8BFE400E9CD3D /* 8Queens.cpp */ = {isa = PBXFileReference; lastKnownFileType = sourcecode.cpp.cpp; path = 8Queens.cpp; sourceTree = "<group>"; };
		E6DC590A22ED9AC100E9CD3D /* ValidSudoku.cpp */ = {isa = PBXFileReference; fileEncoding = 4; lastKnownFileType = sourcecode.cpp.cpp; path = ValidSudoku.cpp; sourceTree = "<group>"; };
		E6DC590B22ED9AC100E9CD3D /* SudokuSolver.cpp */ = {isa = PBXFileReference; fileEncoding = 4; lastKnownFileType = sourcecode.cpp.cpp; path = SudokuSolver.cpp; sourceTree = "<group>"; };
		E6DC590E22EDAAAC00E9CD3D /* SearchRotatedSortedArray.cpp */ = {isa = PBXFileReference; lastKnownFileType = sourcecode.cpp.cpp; path = SearchRotatedSortedArray.cpp; sourceTree = "<group>"; };
		E6DC591022EFB4AB00E9CD3D /* NQueensII.cpp */ = {isa = PBXFileReference; fileEncoding = 4; lastKnownFileType = sourcecode.cpp.cpp; path = NQueensII.cpp; sourceTree = "<group>"; };
		E6DC591122EFB4AB00E9CD3D /* PlusOne.cpp */ = {isa = PBXFileReference; fileEncoding = 4; lastKnownFileType = sourcecode.cpp.cpp; path = PlusOne.cpp; sourceTree = "<group>"; };
		E6DC591222EFB4AB00E9CD3D /* NQueens.cpp */ = {isa = PBXFileReference; fileEncoding = 4; lastKnownFileType = sourcecode.cpp.cpp; path = NQueens.cpp; sourceTree = "<group>"; };
		E6DC591622EFB89A00E9CD3D /* 3SumClosest.cpp */ = {isa = PBXFileReference; lastKnownFileType = sourcecode.cpp.cpp; path = 3SumClosest.cpp; sourceTree = "<group>"; };
		E6DC591822F0A5BE00E9CD3D /* KClosestPointsToOrigin.cpp */ = {isa = PBXFileReference; lastKnownFileType = sourcecode.cpp.cpp; path = KClosestPointsToOrigin.cpp; sourceTree = "<group>"; };
		E6DC591A22F1E0A500E9CD3D /* ReverseString.cpp */ = {isa = PBXFileReference; fileEncoding = 4; lastKnownFileType = sourcecode.cpp.cpp; path = ReverseString.cpp; sourceTree = "<group>"; };
		E6DC591B22F1E0A500E9CD3D /* MostCommonWord.cpp */ = {isa = PBXFileReference; fileEncoding = 4; lastKnownFileType = sourcecode.cpp.cpp; path = MostCommonWord.cpp; sourceTree = "<group>"; };
		E6DC591E22F4A93A00E9CD3D /* PathSumII.cpp */ = {isa = PBXFileReference; fileEncoding = 4; lastKnownFileType = sourcecode.cpp.cpp; path = PathSumII.cpp; sourceTree = "<group>"; };
		E6DC591F22F4A93A00E9CD3D /* SubarraySumEqualsK.cpp */ = {isa = PBXFileReference; fileEncoding = 4; lastKnownFileType = sourcecode.cpp.cpp; path = SubarraySumEqualsK.cpp; sourceTree = "<group>"; };
		E6DC592022F4A93A00E9CD3D /* SingleElementInSortedArray.cpp */ = {isa = PBXFileReference; fileEncoding = 4; lastKnownFileType = sourcecode.cpp.cpp; path = SingleElementInSortedArray.cpp; sourceTree = "<group>"; };
		E6DC592422F577E600E9CD3D /* ContinuousSubarraySum.cpp */ = {isa = PBXFileReference; lastKnownFileType = sourcecode.cpp.cpp; path = ContinuousSubarraySum.cpp; sourceTree = "<group>"; };
		E6DC592622F6B30A00E9CD3D /* MaxIncreaseKeepSkyline.cpp */ = {isa = PBXFileReference; lastKnownFileType = sourcecode.cpp.cpp; path = MaxIncreaseKeepSkyline.cpp; sourceTree = "<group>"; };
		E6DC592922F6C65600E9CD3D /* LongestCommonSubsequence.cpp */ = {isa = PBXFileReference; lastKnownFileType = sourcecode.cpp.cpp; path = LongestCommonSubsequence.cpp; sourceTree = "<group>"; };
		E6DC592B22F6D60700E9CD3D /* 4SumII.cpp */ = {isa = PBXFileReference; lastKnownFileType = sourcecode.cpp.cpp; path = 4SumII.cpp; sourceTree = "<group>"; };
		E6DC592D22F6DE1E00E9CD3D /* Knapsack.cpp */ = {isa = PBXFileReference; lastKnownFileType = sourcecode.cpp.cpp; path = Knapsack.cpp; sourceTree = "<group>"; };
		E6DC592F22F7150700E9CD3D /* GenerateRandomPointInCircle.cpp */ = {isa = PBXFileReference; lastKnownFileType = sourcecode.cpp.cpp; path = GenerateRandomPointInCircle.cpp; sourceTree = "<group>"; };
		E6E79CF222D3A622008A66AB /* RomanToNumber.cpp */ = {isa = PBXFileReference; lastKnownFileType = sourcecode.cpp.cpp; path = RomanToNumber.cpp; sourceTree = "<group>"; };
		E6E79CF422D4EF3A008A66AB /* IntegerToRoman.cpp */ = {isa = PBXFileReference; fileEncoding = 4; lastKnownFileType = sourcecode.cpp.cpp; path = IntegerToRoman.cpp; sourceTree = "<group>"; };
		E6E79CF522D4EF3A008A66AB /* ZigZagConversion.cpp */ = {isa = PBXFileReference; fileEncoding = 4; lastKnownFileType = sourcecode.cpp.cpp; path = ZigZagConversion.cpp; sourceTree = "<group>"; };
		E6E79CF622D4EF3A008A66AB /* LongestPalindromicSubstring.cpp */ = {isa = PBXFileReference; fileEncoding = 4; lastKnownFileType = sourcecode.cpp.cpp; path = LongestPalindromicSubstring.cpp; sourceTree = "<group>"; };
		E6E79CFA22D4FA31008A66AB /* ContainerMostWater.cpp */ = {isa = PBXFileReference; lastKnownFileType = sourcecode.cpp.cpp; path = ContainerMostWater.cpp; sourceTree = "<group>"; };
		E6E79CFC22D64160008A66AB /* ConstructBinaryTree.cpp */ = {isa = PBXFileReference; lastKnownFileType = sourcecode.cpp.cpp; path = ConstructBinaryTree.cpp; sourceTree = "<group>"; };
		E6E79CFE22D64220008A66AB /* BinaryTreeCommon.h */ = {isa = PBXFileReference; lastKnownFileType = sourcecode.c.h; path = BinaryTreeCommon.h; sourceTree = "<group>"; };
		E6E79D0022D8CCFE008A66AB /* BinaryTreePreorderTraversal.cpp */ = {isa = PBXFileReference; fileEncoding = 4; lastKnownFileType = sourcecode.cpp.cpp; path = BinaryTreePreorderTraversal.cpp; sourceTree = "<group>"; };
		E6E79D0122D8CCFE008A66AB /* CountNumbersUniqueDigits.cpp */ = {isa = PBXFileReference; fileEncoding = 4; lastKnownFileType = sourcecode.cpp.cpp; path = CountNumbersUniqueDigits.cpp; sourceTree = "<group>"; };
		E6E79D0222D8CCFE008A66AB /* ShoppingOffers.cpp */ = {isa = PBXFileReference; fileEncoding = 4; lastKnownFileType = sourcecode.cpp.cpp; path = ShoppingOffers.cpp; sourceTree = "<group>"; };
		E6E79D0322D8CCFE008A66AB /* BinaryTreeInorderTraversal.cpp */ = {isa = PBXFileReference; fileEncoding = 4; lastKnownFileType = sourcecode.cpp.cpp; path = BinaryTreeInorderTraversal.cpp; sourceTree = "<group>"; };
		E6FDBC5C22BA8E7700ACB295 /* HeapSort.cpp */ = {isa = PBXFileReference; fileEncoding = 4; lastKnownFileType = sourcecode.cpp.cpp; path = HeapSort.cpp; sourceTree = "<group>"; };
		E6FDBC5D22BA8E7700ACB295 /* PalindromeNumber.cpp */ = {isa = PBXFileReference; fileEncoding = 4; lastKnownFileType = sourcecode.cpp.cpp; path = PalindromeNumber.cpp; sourceTree = "<group>"; };
		E6FDBC6022BDBCE300ACB295 /* ReverseInt.cpp */ = {isa = PBXFileReference; lastKnownFileType = sourcecode.cpp.cpp; path = ReverseInt.cpp; sourceTree = "<group>"; };
		E6FDBC6222BF70ED00ACB295 /* RandomizedSelection.cpp */ = {isa = PBXFileReference; lastKnownFileType = sourcecode.cpp.cpp; path = RandomizedSelection.cpp; sourceTree = "<group>"; };
/* End PBXFileReference section */

/* Begin PBXFrameworksBuildPhase section */
		E6B9FBA422A20BB900361BFE /* Frameworks */ = {
			isa = PBXFrameworksBuildPhase;
			buildActionMask = 2147483647;
			files = (
			);
			runOnlyForDeploymentPostprocessing = 0;
		};
/* End PBXFrameworksBuildPhase section */

/* Begin PBXGroup section */
		E6B9FB9E22A20BB900361BFE = {
			isa = PBXGroup;
			children = (
				E6B9FBBF22A20C4500361BFE /* LeetCode */,
				E6B9FBA822A20BBA00361BFE /* Products */,
			);
			sourceTree = "<group>";
		};
		E6B9FBA822A20BBA00361BFE /* Products */ = {
			isa = PBXGroup;
			children = (
				E6B9FBA722A20BBA00361BFE /* leetcode_exercise */,
			);
			name = Products;
			sourceTree = "<group>";
		};
		E6B9FBBF22A20C4500361BFE /* LeetCode */ = {
			isa = PBXGroup;
			children = (
				E6DC591E22F4A93A00E9CD3D /* PathSumII.cpp */,
				E6DC592022F4A93A00E9CD3D /* SingleElementInSortedArray.cpp */,
				E6DC591F22F4A93A00E9CD3D /* SubarraySumEqualsK.cpp */,
				E6DC591B22F1E0A500E9CD3D /* MostCommonWord.cpp */,
				E6DC591A22F1E0A500E9CD3D /* ReverseString.cpp */,
				E6DC591222EFB4AB00E9CD3D /* NQueens.cpp */,
				E6DC591022EFB4AB00E9CD3D /* NQueensII.cpp */,
				E6DC591122EFB4AB00E9CD3D /* PlusOne.cpp */,
				E6DC590B22ED9AC100E9CD3D /* SudokuSolver.cpp */,
				E6DC590A22ED9AC100E9CD3D /* ValidSudoku.cpp */,
				E628DD8622E7616200FCB4DB /* CombinationSum.cpp */,
				E628DD8922E7616300FCB4DB /* FindFLPositionInSortedArray.cpp */,
				E628DD8E22E7616300FCB4DB /* GenerateParenthesis.cpp */,
				E628DD8822E7616300FCB4DB /* GroupAnagrams.cpp */,
				E628DD8722E7616200FCB4DB /* LetterCombinations.cpp */,
				E628DD8A22E7616300FCB4DB /* MergeIntervals.cpp */,
				E628DD8C22E7616300FCB4DB /* RemoveNthFromEnd.cpp */,
				E628DD8B22E7616300FCB4DB /* RotateImage.cpp */,
				E628DD8D22E7616300FCB4DB /* TeemoAttacking.cpp */,
				E6567E5F22E20B0A0080AB05 /* PermutationsII.cpp */,
				E6567E5C22E20B090080AB05 /* ShiftingLetters.cpp */,
				E6567E5E22E20B0A0080AB05 /* Sqrt.cpp */,
				E6567E5D22E20B0A0080AB05 /* SubArrayKDifferent.cpp */,
				E61E5E5E22D0377400534509 /* LinkedListCommon.h */,
				E6B9FBC122A20C4500361BFE /* TestCase.cpp */,
				E6B9FBC422A20C4500361BFE /* TestCase.h */,
				E6B9FBC722A20C4500361BFE /* main.cpp */,
				E6E79CFE22D64220008A66AB /* BinaryTreeCommon.h */,
				E6E79D0322D8CCFE008A66AB /* BinaryTreeInorderTraversal.cpp */,
				E6E79D0022D8CCFE008A66AB /* BinaryTreePreorderTraversal.cpp */,
				E6E79D0122D8CCFE008A66AB /* CountNumbersUniqueDigits.cpp */,
				E6E79D0222D8CCFE008A66AB /* ShoppingOffers.cpp */,
				E6E79CF422D4EF3A008A66AB /* IntegerToRoman.cpp */,
				E6E79CF622D4EF3A008A66AB /* LongestPalindromicSubstring.cpp */,
				E6E79CF522D4EF3A008A66AB /* ZigZagConversion.cpp */,
				E61E5E5C22D0377300534509 /* InsertSort.cpp */,
				E61E5E5F22D0377400534509 /* LengthOfLongestSubstring.cpp */,
				E61E5E6022D0377400534509 /* MergeTwoSortedList.cpp */,
				E61E5E5D22D0377400534509 /* ReverseLinkedList.cpp */,
				E61E5E5B22D0377300534509 /* ReverseLinkedListII.cpp */,
				E61E5E6122D0377400534509 /* SortLinkedList.cpp */,
				E6BC6BD522C2638D007B920D /* PalindromeList.cpp */,
				E6FDBC5C22BA8E7700ACB295 /* HeapSort.cpp */,
				E6FDBC5D22BA8E7700ACB295 /* PalindromeNumber.cpp */,
				E6AAE7F522A81DBD00A071F3 /* MaximumSubArray.cpp */,
				E6AAE7F422A81DBD00A071F3 /* PartionGet.cpp */,
				E6AAE7EF22A5759B00A071F3 /* 3Sum.cpp */,
				E6AAE7EE22A5759B00A071F3 /* StrStr.cpp */,
				E6AAE7F022A5759B00A071F3 /* TimeBasedKVStore.cpp */,
				E6B9FBC222A20C4500361BFE /* MultiplyStrings.cpp */,
				E6B9FBC322A20C4500361BFE /* AddTwoNumbers.cpp */,
				E6B9FBC522A20C4500361BFE /* WildcardMatching.cpp */,
				E6B9FBC822A20C4500361BFE /* TwoSum.cpp */,
				E6B9FBCF22A2157300361BFE /* BST2GST.cpp */,
				E6AAE7F822A81EEA00A071F3 /* QuickSort.cpp */,
				E6C8501322B63AD000C3B767 /* PriorityQueue.cpp */,
				E6FDBC6022BDBCE300ACB295 /* ReverseInt.cpp */,
				E6FDBC6222BF70ED00ACB295 /* RandomizedSelection.cpp */,
				E6BC6BD322C262DC007B920D /* RemoveLinkedList.cpp */,
				E6BC6BD722C26679007B920D /* InsertSortList.cpp */,
				E6E79CF222D3A622008A66AB /* RomanToNumber.cpp */,
				E6E79CFA22D4FA31008A66AB /* ContainerMostWater.cpp */,
				E6E79CFC22D64160008A66AB /* ConstructBinaryTree.cpp */,
				E6567E5A22DF7B3E0080AB05 /* KeysAndRooms.cpp */,
				E6567E6422E20DDE0080AB05 /* LongestCommonPrefix.cpp */,
				E6567E6622E2CBD20080AB05 /* ValidParentheses.cpp */,
				E6567E6822E2FDAB0080AB05 /* RemoveElement.cpp */,
				E6567E6A22E30AE30080AB05 /* RemoveDuplicates.cpp */,
				E6567E6C22E3DBE70080AB05 /* SwapNodesPairs.cpp */,
				E6567E6E22E3E25A0080AB05 /* SearchInsert.cpp */,
				E6567E7022E42E1A0080AB05 /* CountAndSay.cpp */,
				E6567E7222E44E5E0080AB05 /* Pow.cpp */,
				E6DC590822E8BFE400E9CD3D /* 8Queens.cpp */,
				E6DC590E22EDAAAC00E9CD3D /* SearchRotatedSortedArray.cpp */,
				E6DC591622EFB89A00E9CD3D /* 3SumClosest.cpp */,
				E6DC591822F0A5BE00E9CD3D /* KClosestPointsToOrigin.cpp */,
				E6DC592422F577E600E9CD3D /* ContinuousSubarraySum.cpp */,
				E6DC592622F6B30A00E9CD3D /* MaxIncreaseKeepSkyline.cpp */,
				E6DC592922F6C65600E9CD3D /* LongestCommonSubsequence.cpp */,
				E6DC592B22F6D60700E9CD3D /* 4SumII.cpp */,
				E6DC592D22F6DE1E00E9CD3D /* Knapsack.cpp */,
				E6DC592F22F7150700E9CD3D /* GenerateRandomPointInCircle.cpp */,
				E68BC0D522FCE26100563809 /* PlaceBrick.cpp */,
				E68BC0D722FEBFD100563809 /* UniquePaths.cpp */,
				E68BC0D922FED17100563809 /* MinimumPathSum.cpp */,
				E68BC0DB22FED8C500563809 /* ClimbingStairs.cpp */,
				E622EF552307E5AD00CE42EE /* Triangle.cpp */,
				E622EF57230A522F00CE42EE /* UniqueBinarySearchTrees.cpp */,
				E622EF59230AC3BE00CE42EE /* UniquePathsII.cpp */,
			);
			path = LeetCode;
			sourceTree = "<group>";
		};
/* End PBXGroup section */

/* Begin PBXNativeTarget section */
		E6B9FBA622A20BB900361BFE /* leetcode_exercise */ = {
			isa = PBXNativeTarget;
			buildConfigurationList = E6B9FBAE22A20BBA00361BFE /* Build configuration list for PBXNativeTarget "leetcode_exercise" */;
			buildPhases = (
				E6B9FBA322A20BB900361BFE /* Sources */,
				E6B9FBA422A20BB900361BFE /* Frameworks */,
				E6B9FBA522A20BB900361BFE /* CopyFiles */,
			);
			buildRules = (
			);
			dependencies = (
			);
			name = leetcode_exercise;
			productName = leetcode_exercise;
			productReference = E6B9FBA722A20BBA00361BFE /* leetcode_exercise */;
			productType = "com.apple.product-type.tool";
		};
/* End PBXNativeTarget section */

/* Begin PBXProject section */
		E6B9FB9F22A20BB900361BFE /* Project object */ = {
			isa = PBXProject;
			attributes = {
				LastUpgradeCheck = 1010;
				ORGANIZATIONNAME = "侯周楚";
				TargetAttributes = {
					E6B9FBA622A20BB900361BFE = {
						CreatedOnToolsVersion = 10.1;
					};
				};
			};
			buildConfigurationList = E6B9FBA222A20BB900361BFE /* Build configuration list for PBXProject "leetcode_exercise" */;
			compatibilityVersion = "Xcode 9.3";
			developmentRegion = en;
			hasScannedForEncodings = 0;
			knownRegions = (
				en,
				Base,
			);
			mainGroup = E6B9FB9E22A20BB900361BFE;
			productRefGroup = E6B9FBA822A20BBA00361BFE /* Products */;
			projectDirPath = "";
			projectRoot = "";
			targets = (
				E6B9FBA622A20BB900361BFE /* leetcode_exercise */,
			);
		};
/* End PBXProject section */

/* Begin PBXSourcesBuildPhase section */
		E6B9FBA322A20BB900361BFE /* Sources */ = {
			isa = PBXSourcesBuildPhase;
			buildActionMask = 2147483647;
			files = (
				E6AAE7F222A5759B00A071F3 /* 3Sum.cpp in Sources */,
				E6DC592522F577E600E9CD3D /* ContinuousSubarraySum.cpp in Sources */,
				E6FDBC6122BDBCE300ACB295 /* ReverseInt.cpp in Sources */,
				E622EF58230A522F00CE42EE /* UniqueBinarySearchTrees.cpp in Sources */,
				E6AAE7F622A81DBD00A071F3 /* PartionGet.cpp in Sources */,
				E628DD9322E7616300FCB4DB /* MergeIntervals.cpp in Sources */,
				E6E79CF722D4EF3A008A66AB /* IntegerToRoman.cpp in Sources */,
				E6FDBC6322BF70ED00ACB295 /* RandomizedSelection.cpp in Sources */,
				E6567E6222E20B0A0080AB05 /* Sqrt.cpp in Sources */,
				E6AAE7F322A5759B00A071F3 /* TimeBasedKVStore.cpp in Sources */,
				E6567E5B22DF7B3E0080AB05 /* KeysAndRooms.cpp in Sources */,
				E6AAE7F722A81DBD00A071F3 /* MaximumSubArray.cpp in Sources */,
				E6E79D0722D8CCFE008A66AB /* BinaryTreeInorderTraversal.cpp in Sources */,
				E628DD9622E7616300FCB4DB /* TeemoAttacking.cpp in Sources */,
				E6DC591C22F1E0A600E9CD3D /* ReverseString.cpp in Sources */,
				E6FDBC5E22BA8E7700ACB295 /* HeapSort.cpp in Sources */,
				E6DC593022F7150700E9CD3D /* GenerateRandomPointInCircle.cpp in Sources */,
				E6567E6122E20B0A0080AB05 /* SubArrayKDifferent.cpp in Sources */,
				E6E79D0622D8CCFE008A66AB /* ShoppingOffers.cpp in Sources */,
				E6DC591322EFB4AB00E9CD3D /* NQueensII.cpp in Sources */,
				E628DD9722E7616300FCB4DB /* GenerateParenthesis.cpp in Sources */,
				E6DC592122F4A93A00E9CD3D /* PathSumII.cpp in Sources */,
				E61E5E6222D0377400534509 /* ReverseLinkedListII.cpp in Sources */,
				E6DC591D22F1E0A600E9CD3D /* MostCommonWord.cpp in Sources */,
				E6DC590922E8BFE400E9CD3D /* 8Queens.cpp in Sources */,
				E6567E6922E2FDAB0080AB05 /* RemoveElement.cpp in Sources */,
				E61E5E6522D0377400534509 /* LengthOfLongestSubstring.cpp in Sources */,
				E6B9FBCB22A20C4500361BFE /* AddTwoNumbers.cpp in Sources */,
				E6567E6D22E3DBE70080AB05 /* SwapNodesPairs.cpp in Sources */,
				E6DC591922F0A5BE00E9CD3D /* KClosestPointsToOrigin.cpp in Sources */,
				E68BC0DA22FED17100563809 /* MinimumPathSum.cpp in Sources */,
				E6B9FBCA22A20C4500361BFE /* MultiplyStrings.cpp in Sources */,
				E622EF562307E5AD00CE42EE /* Triangle.cpp in Sources */,
				E6E79CF922D4EF3A008A66AB /* LongestPalindromicSubstring.cpp in Sources */,
				E61E5E6722D0377400534509 /* SortLinkedList.cpp in Sources */,
				E622EF5A230AC3BE00CE42EE /* UniquePathsII.cpp in Sources */,
				E6B9FBCC22A20C4500361BFE /* WildcardMatching.cpp in Sources */,
				E628DD9122E7616300FCB4DB /* GroupAnagrams.cpp in Sources */,
				E6BC6BD422C262DC007B920D /* RemoveLinkedList.cpp in Sources */,
				E6E79D0422D8CCFE008A66AB /* BinaryTreePreorderTraversal.cpp in Sources */,
				E6DC592C22F6D60700E9CD3D /* 4SumII.cpp in Sources */,
				E6E79CFB22D4FA31008A66AB /* ContainerMostWater.cpp in Sources */,
				E6DC592222F4A93A00E9CD3D /* SubarraySumEqualsK.cpp in Sources */,
				E6C8501422B63AD000C3B767 /* PriorityQueue.cpp in Sources */,
				E6DC590C22ED9AC100E9CD3D /* ValidSudoku.cpp in Sources */,
				E628DD9222E7616300FCB4DB /* FindFLPositionInSortedArray.cpp in Sources */,
				E6E79CF322D3A622008A66AB /* RomanToNumber.cpp in Sources */,
				E6DC592722F6B30A00E9CD3D /* MaxIncreaseKeepSkyline.cpp in Sources */,
				E6FDBC5F22BA8E7700ACB295 /* PalindromeNumber.cpp in Sources */,
				E6567E6B22E30AE30080AB05 /* RemoveDuplicates.cpp in Sources */,
				E628DD9022E7616300FCB4DB /* LetterCombinations.cpp in Sources */,
				E68BC0D622FCE26100563809 /* PlaceBrick.cpp in Sources */,
				E6567E6522E20DDE0080AB05 /* LongestCommonPrefix.cpp in Sources */,
				E6567E6322E20B0A0080AB05 /* PermutationsII.cpp in Sources */,
				E6B9FBD022A2157300361BFE /* BST2GST.cpp in Sources */,
				E6B9FBCD22A20C4500361BFE /* main.cpp in Sources */,
				E6DC592A22F6C65600E9CD3D /* LongestCommonSubsequence.cpp in Sources */,
				E628DD8F22E7616300FCB4DB /* CombinationSum.cpp in Sources */,
				E6AAE7F922A81EEA00A071F3 /* QuickSort.cpp in Sources */,
				E68BC0DC22FED8C500563809 /* ClimbingStairs.cpp in Sources */,
				E6567E7322E44E5E0080AB05 /* Pow.cpp in Sources */,
				E628DD9522E7616300FCB4DB /* RemoveNthFromEnd.cpp in Sources */,
				E6567E6022E20B0A0080AB05 /* ShiftingLetters.cpp in Sources */,
				E61E5E6622D0377400534509 /* MergeTwoSortedList.cpp in Sources */,
				E628DD9422E7616300FCB4DB /* RotateImage.cpp in Sources */,
				E61E5E6322D0377400534509 /* InsertSort.cpp in Sources */,
				E6E79D0522D8CCFE008A66AB /* CountNumbersUniqueDigits.cpp in Sources */,
				E6DC591722EFB89A00E9CD3D /* 3SumClosest.cpp in Sources */,
				E6DC592E22F6DE1E00E9CD3D /* Knapsack.cpp in Sources */,
				E6567E7122E42E1A0080AB05 /* CountAndSay.cpp in Sources */,
				E6AAE7F122A5759B00A071F3 /* StrStr.cpp in Sources */,
				E6DC592322F4A93A00E9CD3D /* SingleElementInSortedArray.cpp in Sources */,
				E68BC0D822FEBFD100563809 /* UniquePaths.cpp in Sources */,
				E6B9FBCE22A20C4500361BFE /* TwoSum.cpp in Sources */,
				E6DC591422EFB4AB00E9CD3D /* PlusOne.cpp in Sources */,
				E6DC591522EFB4AB00E9CD3D /* NQueens.cpp in Sources */,
				E6BC6BD822C26679007B920D /* InsertSortList.cpp in Sources */,
				E61E5E6422D0377400534509 /* ReverseLinkedList.cpp in Sources */,
				E6BC6BD622C2638D007B920D /* PalindromeList.cpp in Sources */,
				E6E79CFD22D64160008A66AB /* ConstructBinaryTree.cpp in Sources */,
				E6567E6F22E3E25A0080AB05 /* SearchInsert.cpp in Sources */,
				E6DC590F22EDAAAC00E9CD3D /* SearchRotatedSortedArray.cpp in Sources */,
				E6B9FBC922A20C4500361BFE /* TestCase.cpp in Sources */,
				E6DC590D22ED9AC100E9CD3D /* SudokuSolver.cpp in Sources */,
				E6E79CF822D4EF3A008A66AB /* ZigZagConversion.cpp in Sources */,
				E6567E6722E2CBD20080AB05 /* ValidParentheses.cpp in Sources */,
			);
			runOnlyForDeploymentPostprocessing = 0;
		};
/* End PBXSourcesBuildPhase section */

/* Begin XCBuildConfiguration section */
		E6B9FBAC22A20BBA00361BFE /* Debug */ = {
			isa = XCBuildConfiguration;
			buildSettings = {
				ALWAYS_SEARCH_USER_PATHS = NO;
				CLANG_ANALYZER_NONNULL = YES;
				CLANG_ANALYZER_NUMBER_OBJECT_CONVERSION = YES_AGGRESSIVE;
				CLANG_CXX_LANGUAGE_STANDARD = "gnu++14";
				CLANG_CXX_LIBRARY = "libc++";
				CLANG_ENABLE_MODULES = YES;
				CLANG_ENABLE_OBJC_ARC = YES;
				CLANG_ENABLE_OBJC_WEAK = YES;
				CLANG_WARN_BLOCK_CAPTURE_AUTORELEASING = YES;
				CLANG_WARN_BOOL_CONVERSION = YES;
				CLANG_WARN_COMMA = YES;
				CLANG_WARN_CONSTANT_CONVERSION = YES;
				CLANG_WARN_DEPRECATED_OBJC_IMPLEMENTATIONS = YES;
				CLANG_WARN_DIRECT_OBJC_ISA_USAGE = YES_ERROR;
				CLANG_WARN_DOCUMENTATION_COMMENTS = YES;
				CLANG_WARN_EMPTY_BODY = YES;
				CLANG_WARN_ENUM_CONVERSION = YES;
				CLANG_WARN_INFINITE_RECURSION = YES;
				CLANG_WARN_INT_CONVERSION = YES;
				CLANG_WARN_NON_LITERAL_NULL_CONVERSION = YES;
				CLANG_WARN_OBJC_IMPLICIT_RETAIN_SELF = YES;
				CLANG_WARN_OBJC_LITERAL_CONVERSION = YES;
				CLANG_WARN_OBJC_ROOT_CLASS = YES_ERROR;
				CLANG_WARN_RANGE_LOOP_ANALYSIS = YES;
				CLANG_WARN_STRICT_PROTOTYPES = YES;
				CLANG_WARN_SUSPICIOUS_MOVE = YES;
				CLANG_WARN_UNGUARDED_AVAILABILITY = YES_AGGRESSIVE;
				CLANG_WARN_UNREACHABLE_CODE = YES;
				CLANG_WARN__DUPLICATE_METHOD_MATCH = YES;
				CODE_SIGN_IDENTITY = "-";
				COPY_PHASE_STRIP = NO;
				DEBUG_INFORMATION_FORMAT = dwarf;
				ENABLE_STRICT_OBJC_MSGSEND = YES;
				ENABLE_TESTABILITY = YES;
				GCC_C_LANGUAGE_STANDARD = gnu11;
				GCC_DYNAMIC_NO_PIC = NO;
				GCC_NO_COMMON_BLOCKS = YES;
				GCC_OPTIMIZATION_LEVEL = 0;
				GCC_PREPROCESSOR_DEFINITIONS = (
					"DEBUG=1",
					"$(inherited)",
				);
				GCC_WARN_64_TO_32_BIT_CONVERSION = YES;
				GCC_WARN_ABOUT_RETURN_TYPE = YES_ERROR;
				GCC_WARN_UNDECLARED_SELECTOR = YES;
				GCC_WARN_UNINITIALIZED_AUTOS = YES_AGGRESSIVE;
				GCC_WARN_UNUSED_FUNCTION = YES;
				GCC_WARN_UNUSED_VARIABLE = YES;
				MACOSX_DEPLOYMENT_TARGET = 10.14;
				MTL_ENABLE_DEBUG_INFO = INCLUDE_SOURCE;
				MTL_FAST_MATH = YES;
				ONLY_ACTIVE_ARCH = YES;
				SDKROOT = macosx;
			};
			name = Debug;
		};
		E6B9FBAD22A20BBA00361BFE /* Release */ = {
			isa = XCBuildConfiguration;
			buildSettings = {
				ALWAYS_SEARCH_USER_PATHS = NO;
				CLANG_ANALYZER_NONNULL = YES;
				CLANG_ANALYZER_NUMBER_OBJECT_CONVERSION = YES_AGGRESSIVE;
				CLANG_CXX_LANGUAGE_STANDARD = "gnu++14";
				CLANG_CXX_LIBRARY = "libc++";
				CLANG_ENABLE_MODULES = YES;
				CLANG_ENABLE_OBJC_ARC = YES;
				CLANG_ENABLE_OBJC_WEAK = YES;
				CLANG_WARN_BLOCK_CAPTURE_AUTORELEASING = YES;
				CLANG_WARN_BOOL_CONVERSION = YES;
				CLANG_WARN_COMMA = YES;
				CLANG_WARN_CONSTANT_CONVERSION = YES;
				CLANG_WARN_DEPRECATED_OBJC_IMPLEMENTATIONS = YES;
				CLANG_WARN_DIRECT_OBJC_ISA_USAGE = YES_ERROR;
				CLANG_WARN_DOCUMENTATION_COMMENTS = YES;
				CLANG_WARN_EMPTY_BODY = YES;
				CLANG_WARN_ENUM_CONVERSION = YES;
				CLANG_WARN_INFINITE_RECURSION = YES;
				CLANG_WARN_INT_CONVERSION = YES;
				CLANG_WARN_NON_LITERAL_NULL_CONVERSION = YES;
				CLANG_WARN_OBJC_IMPLICIT_RETAIN_SELF = YES;
				CLANG_WARN_OBJC_LITERAL_CONVERSION = YES;
				CLANG_WARN_OBJC_ROOT_CLASS = YES_ERROR;
				CLANG_WARN_RANGE_LOOP_ANALYSIS = YES;
				CLANG_WARN_STRICT_PROTOTYPES = YES;
				CLANG_WARN_SUSPICIOUS_MOVE = YES;
				CLANG_WARN_UNGUARDED_AVAILABILITY = YES_AGGRESSIVE;
				CLANG_WARN_UNREACHABLE_CODE = YES;
				CLANG_WARN__DUPLICATE_METHOD_MATCH = YES;
				CODE_SIGN_IDENTITY = "-";
				COPY_PHASE_STRIP = NO;
				DEBUG_INFORMATION_FORMAT = "dwarf-with-dsym";
				ENABLE_NS_ASSERTIONS = NO;
				ENABLE_STRICT_OBJC_MSGSEND = YES;
				GCC_C_LANGUAGE_STANDARD = gnu11;
				GCC_NO_COMMON_BLOCKS = YES;
				GCC_WARN_64_TO_32_BIT_CONVERSION = YES;
				GCC_WARN_ABOUT_RETURN_TYPE = YES_ERROR;
				GCC_WARN_UNDECLARED_SELECTOR = YES;
				GCC_WARN_UNINITIALIZED_AUTOS = YES_AGGRESSIVE;
				GCC_WARN_UNUSED_FUNCTION = YES;
				GCC_WARN_UNUSED_VARIABLE = YES;
				MACOSX_DEPLOYMENT_TARGET = 10.14;
				MTL_ENABLE_DEBUG_INFO = NO;
				MTL_FAST_MATH = YES;
				SDKROOT = macosx;
			};
			name = Release;
		};
		E6B9FBAF22A20BBA00361BFE /* Debug */ = {
			isa = XCBuildConfiguration;
			buildSettings = {
				CODE_SIGN_STYLE = Automatic;
				PRODUCT_NAME = "$(TARGET_NAME)";
			};
			name = Debug;
		};
		E6B9FBB022A20BBA00361BFE /* Release */ = {
			isa = XCBuildConfiguration;
			buildSettings = {
				CODE_SIGN_STYLE = Automatic;
				PRODUCT_NAME = "$(TARGET_NAME)";
			};
			name = Release;
		};
/* End XCBuildConfiguration section */

/* Begin XCConfigurationList section */
		E6B9FBA222A20BB900361BFE /* Build configuration list for PBXProject "leetcode_exercise" */ = {
			isa = XCConfigurationList;
			buildConfigurations = (
				E6B9FBAC22A20BBA00361BFE /* Debug */,
				E6B9FBAD22A20BBA00361BFE /* Release */,
			);
			defaultConfigurationIsVisible = 0;
			defaultConfigurationName = Release;
		};
		E6B9FBAE22A20BBA00361BFE /* Build configuration list for PBXNativeTarget "leetcode_exercise" */ = {
			isa = XCConfigurationList;
			buildConfigurations = (
				E6B9FBAF22A20BBA00361BFE /* Debug */,
				E6B9FBB022A20BBA00361BFE /* Release */,
			);
			defaultConfigurationIsVisible = 0;
			defaultConfigurationName = Release;
		};
/* End XCConfigurationList section */
	};
	rootObject = E6B9FB9F22A20BB900361BFE /* Project object */;
}
