<?xml version="1.0" encoding="utf-8"?>
<Project ToolsVersion="4.0" xmlns="http://schemas.microsoft.com/developer/msbuild/2003">
  <ItemGroup>
    <Filter Include="TestSuite">
      <UniqueIdentifier>{db0f39a8-683e-4ca0-990f-059890165e15}</UniqueIdentifier>
    </Filter>
    <Filter Include="Questions">
      <UniqueIdentifier>{4FC737F1-C7A5-4376-A066-2A32D752A2FF}</UniqueIdentifier>
      <Extensions>cpp;c;cc;cxx;def;odl;idl;hpj;bat;asm;asmx</Extensions>
    </Filter>
  </ItemGroup>
  <ItemGroup>
    <ClCompile Include="AddTwoNumbers.cpp">
      <Filter>Questions</Filter>
    </ClCompile>
    <ClCompile Include="MultiplyStrings.cpp">
      <Filter>Questions</Filter>
    </ClCompile>
    <ClCompile Include="TwoSum.cpp">
      <Filter>Questions</Filter>
    </ClCompile>
    <ClCompile Include="WildcardMatching.cpp">
      <Filter>Questions</Filter>
    </ClCompile>
    <ClCompile Include="main.cpp">
      <Filter>TestSuite</Filter>
    </ClCompile>
    <ClCompile Include="TestCase.cpp">
      <Filter>TestSuite</Filter>
    </ClCompile>
    <ClCompile Include="StrStr.cpp">
      <Filter>Questions</Filter>
    </ClCompile>
    <ClCompile Include="3Sum.cpp">
      <Filter>Questions</Filter>
    </ClCompile>
    <ClCompile Include="BST2GST.cpp">
      <Filter>Questions</Filter>
    </ClCompile>
    <ClCompile Include="TimeBasedKVStore.cpp">
      <Filter>Questions</Filter>
    </ClCompile>
    <ClCompile Include="MaximumSubArray.cpp">
      <Filter>Questions</Filter>
    </ClCompile>
    <ClCompile Include="PartionGet.cpp">
      <Filter>Questions</Filter>
    </ClCompile>
  </ItemGroup>
  <ItemGroup>
    <ClInclude Include="TestCase.h">
      <Filter>TestSuite</Filter>
    </ClInclude>
  </ItemGroup>
</Project>