<?xml version="1.0" encoding="utf-8"?>
<Project ToolsVersion="4.0" xmlns="http://schemas.microsoft.com/developer/msbuild/2003">
  <ItemGroup>
    <Filter Include="TestSuite">
      <UniqueIdentifier>{db0f39a8-683e-4ca0-990f-059890165e15}</UniqueIdentifier>
    </Filter>
    <Filter Include="Questions">
      <UniqueIdentifier>{4FC737F1-C7A5-4376-A066-2A32D752A2FF}</UniqueIdentifier>
      <Extensions>cpp;c;cc;cxx;def;odl;idl;hpj;bat;asm;asmx</Extensions>
    </Filter>
    <Filter Include="Common">
      <UniqueIdentifier>{b6f1127e-d139-4054-97d3-7d793ee38129}</UniqueIdentifier>
    </Filter>
  </ItemGroup>
  <ItemGroup>
    <ClCompile Include="AddTwoNumbers.cpp">
      <Filter>Questions</Filter>
    </ClCompile>
    <ClCompile Include="MultiplyStrings.cpp">
      <Filter>Questions</Filter>
    </ClCompile>
    <ClCompile Include="TwoSum.cpp">
      <Filter>Questions</Filter>
    </ClCompile>
    <ClCompile Include="WildcardMatching.cpp">
      <Filter>Questions</Filter>
    </ClCompile>
    <ClCompile Include="main.cpp">
      <Filter>TestSuite</Filter>
    </ClCompile>
    <ClCompile Include="TestCase.cpp">
      <Filter>TestSuite</Filter>
    </ClCompile>
    <ClCompile Include="StrStr.cpp">
      <Filter>Questions</Filter>
    </ClCompile>
    <ClCompile Include="3Sum.cpp">
      <Filter>Questions</Filter>
    </ClCompile>
    <ClCompile Include="BST2GST.cpp">
      <Filter>Questions</Filter>
    </ClCompile>
    <ClCompile Include="TimeBasedKVStore.cpp">
      <Filter>Questions</Filter>
    </ClCompile>
    <ClCompile Include="MaximumSubArray.cpp">
      <Filter>Questions</Filter>
    </ClCompile>
    <ClCompile Include="PartionGet.cpp">
      <Filter>Questions</Filter>
    </ClCompile>
    <ClCompile Include="QuickSort.cpp">
      <Filter>Questions</Filter>
    </ClCompile>
    <ClCompile Include="PriorityQueue.cpp">
      <Filter>Questions</Filter>
    </ClCompile>
    <ClCompile Include="HeapSort.cpp">
      <Filter>Questions</Filter>
    </ClCompile>
    <ClCompile Include="PalindromeNumber.cpp">
      <Filter>Questions</Filter>
    </ClCompile>
    <ClCompile Include="PalindromeList.cpp">
      <Filter>Questions</Filter>
    </ClCompile>
    <ClCompile Include="RandomizedSelection.cpp">
      <Filter>Questions</Filter>
    </ClCompile>
    <ClCompile Include="ReverseInt.cpp">
      <Filter>Questions</Filter>
    </ClCompile>
    <ClCompile Include="ReverseLinkedList.cpp">
      <Filter>Questions</Filter>
    </ClCompile>
    <ClCompile Include="ReverseLinkedListII.cpp">
      <Filter>Questions</Filter>
    </ClCompile>
    <ClCompile Include="SortLinkedList.cpp">
      <Filter>Questions</Filter>
    </ClCompile>
    <ClCompile Include="InsertSort.cpp">
      <Filter>Questions</Filter>
    </ClCompile>
    <ClCompile Include="InsertSortList.cpp">
      <Filter>Questions</Filter>
    </ClCompile>
    <ClCompile Include="RemoveLinkedList.cpp">
      <Filter>Questions</Filter>
    </ClCompile>
    <ClCompile Include="MergeTwoSortedList.cpp">
      <Filter>Questions</Filter>
    </ClCompile>
    <ClCompile Include="LengthOfLongestSubstring.cpp">
      <Filter>Questions</Filter>
    </ClCompile>
    <ClCompile Include="RomanToNumber.cpp">
      <Filter>Questions</Filter>
    </ClCompile>
    <ClCompile Include="IntegerToRoman.cpp">
      <Filter>Questions</Filter>
    </ClCompile>
    <ClCompile Include="LongestPalindromicSubstring.cpp">
      <Filter>Questions</Filter>
    </ClCompile>
    <ClCompile Include="ZigZagConversion.cpp">
      <Filter>Questions</Filter>
    </ClCompile>
    <ClCompile Include="ContainerMostWater.cpp">
      <Filter>Questions</Filter>
    </ClCompile>
    <ClCompile Include="ConstructBinaryTree.cpp">
      <Filter>Questions</Filter>
    </ClCompile>
    <ClCompile Include="BinaryTreeInorderTraversal.cpp">
      <Filter>Questions</Filter>
    </ClCompile>
    <ClCompile Include="CountNumbersUniqueDigits.cpp">
      <Filter>Questions</Filter>
    </ClCompile>
    <ClCompile Include="BinaryTreePreorderTraversal.cpp">
      <Filter>Questions</Filter>
    </ClCompile>
    <ClCompile Include="ShoppingOffers.cpp">
      <Filter>Questions</Filter>
    </ClCompile>
    <ClCompile Include="PermutationsII.cpp">
      <Filter>Questions</Filter>
    </ClCompile>
    <ClCompile Include="KeysAndRooms.cpp">
      <Filter>Questions</Filter>
    </ClCompile>
    <ClCompile Include="SubArrayKDifferent.cpp">
      <Filter>Questions</Filter>
    </ClCompile>
    <ClCompile Include="Sqrt.cpp">
      <Filter>Questions</Filter>
    </ClCompile>
    <ClCompile Include="ShiftingLetters.cpp">
      <Filter>Questions</Filter>
    </ClCompile>
    <ClCompile Include="ValidParentheses.cpp">
      <Filter>Questions</Filter>
    </ClCompile>
    <ClCompile Include="SwapNodesPairs.cpp">
      <Filter>Questions</Filter>
    </ClCompile>
    <ClCompile Include="SearchInsert.cpp">
      <Filter>Questions</Filter>
    </ClCompile>
    <ClCompile Include="RemoveElement.cpp">
      <Filter>Questions</Filter>
    </ClCompile>
    <ClCompile Include="RemoveDuplicates.cpp">
      <Filter>Questions</Filter>
    </ClCompile>
    <ClCompile Include="Pow.cpp">
      <Filter>Questions</Filter>
    </ClCompile>
    <ClCompile Include="LongestCommonPrefix.cpp">
      <Filter>Questions</Filter>
    </ClCompile>
    <ClCompile Include="CountAndSay.cpp">
      <Filter>Questions</Filter>
    </ClCompile>
    <ClCompile Include="RotateImage.cpp">
      <Filter>Questions</Filter>
    </ClCompile>
    <ClCompile Include="GroupAnagrams.cpp">
      <Filter>Questions</Filter>
    </ClCompile>
    <ClCompile Include="RemoveNthFromEnd.cpp">
      <Filter>Questions</Filter>
    </ClCompile>
    <ClCompile Include="LetterCombinations.cpp">
      <Filter>Questions</Filter>
    </ClCompile>
    <ClCompile Include="GenerateParenthesis.cpp">
      <Filter>Questions</Filter>
    </ClCompile>
    <ClCompile Include="CombinationSum.cpp">
      <Filter>Questions</Filter>
    </ClCompile>
    <ClCompile Include="TeemoAttacking.cpp">
      <Filter>Questions</Filter>
    </ClCompile>
    <ClCompile Include="MergeIntervals.cpp">
      <Filter>Questions</Filter>
    </ClCompile>
    <ClCompile Include="FindFLPositionInSortedArray.cpp">
      <Filter>Questions</Filter>
    </ClCompile>
    <ClCompile Include="ValidSudoku.cpp">
      <Filter>Questions</Filter>
    </ClCompile>
    <ClCompile Include="SudokuSolver.cpp">
      <Filter>Questions</Filter>
    </ClCompile>
    <ClCompile Include="8Queens.cpp">
      <Filter>Questions</Filter>
    </ClCompile>
    <ClCompile Include="SearchRotatedSortedArray.cpp">
      <Filter>Questions</Filter>
    </ClCompile>
    <ClCompile Include="PlusOne.cpp">
      <Filter>Questions</Filter>
    </ClCompile>
    <ClCompile Include="NQueens.cpp">
      <Filter>Questions</Filter>
    </ClCompile>
    <ClCompile Include="NQueensII.cpp">
      <Filter>Questions</Filter>
    </ClCompile>
    <ClCompile Include="3SumClosest.cpp">
      <Filter>Questions</Filter>
    </ClCompile>
    <ClCompile Include="MostCommonWord.cpp">
      <Filter>Questions</Filter>
    </ClCompile>
    <ClCompile Include="ReverseString.cpp">
      <Filter>Questions</Filter>
    </ClCompile>
    <ClCompile Include="KClosestPointsToOrigin.cpp">
      <Filter>Questions</Filter>
    </ClCompile>
    <ClCompile Include="SingleElementInSortedArray.cpp">
      <Filter>Questions</Filter>
    </ClCompile>
    <ClCompile Include="PathSumII.cpp">
      <Filter>Questions</Filter>
    </ClCompile>
    <ClCompile Include="SubarraySumEqualsK.cpp">
      <Filter>Questions</Filter>
    </ClCompile>
    <ClCompile Include="MaxIncreaseKeepSkyline.cpp">
      <Filter>Questions</Filter>
    </ClCompile>
    <ClCompile Include="LongestCommonSubsequence.cpp">
      <Filter>Questions</Filter>
    </ClCompile>
    <ClCompile Include="Knapsack.cpp">
      <Filter>Questions</Filter>
    </ClCompile>
    <ClCompile Include="ContinuousSubarraySum.cpp">
      <Filter>Questions</Filter>
    </ClCompile>
    <ClCompile Include="4SumII.cpp">
      <Filter>Questions</Filter>
    </ClCompile>
    <ClCompile Include="GenerateRandomPointInCircle.cpp">
      <Filter>Questions</Filter>
    </ClCompile>
    <ClCompile Include="PlaceBrick.cpp">
      <Filter>Questions</Filter>
    </ClCompile>
    <ClCompile Include="UniquePathsII.cpp">
      <Filter>Questions</Filter>
    </ClCompile>
    <ClCompile Include="UniquePaths.cpp">
      <Filter>Questions</Filter>
    </ClCompile>
    <ClCompile Include="UniqueBinarySearchTrees.cpp">
      <Filter>Questions</Filter>
    </ClCompile>
    <ClCompile Include="Triangle.cpp">
      <Filter>Questions</Filter>
    </ClCompile>
    <ClCompile Include="MinimumPathSum.cpp">
      <Filter>Questions</Filter>
    </ClCompile>
    <ClCompile Include="ClimbingStairs.cpp">
      <Filter>Questions</Filter>
    </ClCompile>
    <ClCompile Include="CoinChange.cpp">
      <Filter>Questions</Filter>
    </ClCompile>
    <ClCompile Include="WordBreak.cpp">
      <Filter>Questions</Filter>
    </ClCompile>
    <ClCompile Include="Treap.cpp">
      <Filter>Questions</Filter>
    </ClCompile>
    <ClCompile Include="SpiralMatrix.cpp">
      <Filter>Questions</Filter>
    </ClCompile>
    <ClCompile Include="Search2DMatrix.cpp">
      <Filter>Questions</Filter>
    </ClCompile>
    <ClCompile Include="SameTree.cpp">
      <Filter>Questions</Filter>
    </ClCompile>
    <ClCompile Include="4Sum.cpp">
      <Filter>Questions</Filter>
    </ClCompile>
    <ClCompile Include="DecodeString.cpp">
      <Filter>Questions</Filter>
    </ClCompile>
    <ClCompile Include="LowestCommonAncestor.cpp">
      <Filter>Questions</Filter>
    </ClCompile>
    <ClCompile Include="WordSearchII.cpp">
      <Filter>Questions</Filter>
    </ClCompile>
    <ClCompile Include="WordSubsets.cpp">
      <Filter>Questions</Filter>
    </ClCompile>
    <ClCompile Include="RandomPickWithWeight.cpp">
      <Filter>Questions</Filter>
    </ClCompile>
    <ClCompile Include="MagicSquaresInGrid.cpp">
      <Filter>Questions</Filter>
    </ClCompile>
    <ClCompile Include="ShortestCompletingWord.cpp">
      <Filter>Questions</Filter>
    </ClCompile>
    <ClCompile Include="LongestMountain.cpp">
      <Filter>Questions</Filter>
    </ClCompile>
    <ClCompile Include="MergeKSortedLists.cpp">
      <Filter>Questions</Filter>
    </ClCompile>
    <ClCompile Include="JumpGame.cpp">
      <Filter>Questions</Filter>
    </ClCompile>
    <ClCompile Include="RotateArray.cpp">
      <Filter>Questions</Filter>
    </ClCompile>
    <ClCompile Include="AddOneRowToTree.cpp">
      <Filter>Questions</Filter>
    </ClCompile>
    <ClCompile Include="StreamOfCharacters.cpp">
      <Filter>Questions</Filter>
    </ClCompile>
    <ClCompile Include="RandomWithBlackList.cpp">
      <Filter>Questions</Filter>
    </ClCompile>
    <ClCompile Include="SimplifyPath.cpp">
      <Filter>Questions</Filter>
    </ClCompile>
    <ClCompile Include="SortColors.cpp">
      <Filter>Questions</Filter>
    </ClCompile>
    <ClCompile Include="CombinationSumII.cpp">
      <Filter>Questions</Filter>
    </ClCompile>
    <ClCompile Include="Permutations.cpp">
      <Filter>Questions</Filter>
    </ClCompile>
    <ClCompile Include="NextPermutation.cpp">
      <Filter>Questions</Filter>
    </ClCompile>
    <ClCompile Include="TargetSum.cpp">
      <Filter>Questions</Filter>
    </ClCompile>
    <ClCompile Include="MedianOfTwoSortedArrays.cpp">
      <Filter>Questions</Filter>
    </ClCompile>
    <ClCompile Include="LengthOfLastWord.cpp">
      <Filter>Questions</Filter>
    </ClCompile>
    <ClCompile Include="RemoveSubFoldersFromFS.cpp">
      <Filter>Questions</Filter>
    </ClCompile>
    <ClCompile Include="StringCompression.cpp">
      <Filter>Questions</Filter>
    </ClCompile>
    <ClCompile Include="AddBinary.cpp">
      <Filter>Questions</Filter>
    </ClCompile>
    <ClCompile Include="AddArrayFormInteger.cpp">
      <Filter>Questions</Filter>
    </ClCompile>
    <ClCompile Include="AddStrings.cpp">
      <Filter>Questions</Filter>
    </ClCompile>
    <ClCompile Include="RemoveDupFromSortedList.cpp">
      <Filter>Questions</Filter>
    </ClCompile>
    <ClCompile Include="RemoveDupFromSortedListII.cpp">
      <Filter>Questions</Filter>
    </ClCompile>
    <ClCompile Include="MergeSortedArray.cpp">
      <Filter>Questions</Filter>
    </ClCompile>
    <ClCompile Include="Subsets.cpp">
      <Filter>Questions</Filter>
    </ClCompile>
    <ClCompile Include="SubsetsII.cpp">
      <Filter>Questions</Filter>
    </ClCompile>
    <ClCompile Include="PascalTriangle.cpp">
      <Filter>Questions</Filter>
    </ClCompile>
    <ClCompile Include="PartitionList.cpp">
      <Filter>Questions</Filter>
    </ClCompile>
    <ClCompile Include="LengthOfLongestSubstringII.cpp">
      <Filter>Questions</Filter>
    </ClCompile>
    <ClCompile Include="SetMatrixZeroes.cpp">
      <Filter>Questions</Filter>
    </ClCompile>
    <ClCompile Include="PermutationSequence.cpp">
      <Filter>Questions</Filter>
    </ClCompile>
    <ClCompile Include="BinaryTreeMaxPathSum.cpp">
      <Filter>Questions</Filter>
    </ClCompile>
    <ClCompile Include="Combinations.cpp">
      <Filter>Questions</Filter>
    </ClCompile>
    <ClCompile Include="ValidateBinarySearchTree.cpp">
      <Filter>Questions</Filter>
    </ClCompile>
    <ClCompile Include="WordSearch.cpp">
      <Filter>Questions</Filter>
    </ClCompile>
    <ClCompile Include="GrayCode.cpp">
      <Filter>Questions</Filter>
    </ClCompile>
    <ClCompile Include="1BitAnd2BitCharacters.cpp">
      <Filter>Questions</Filter>
    </ClCompile>
    <ClCompile Include="UniqueBinarySearchTreesII.cpp">
      <Filter>Questions</Filter>
    </ClCompile>
    <ClCompile Include="RestoreIPAddress.cpp">
      <Filter>Questions</Filter>
    </ClCompile>
    <ClCompile Include="DecodeWays.cpp">
      <Filter>Questions</Filter>
    </ClCompile>
    <ClCompile Include="Atoi.cpp">
      <Filter>Questions</Filter>
    </ClCompile>
    <ClCompile Include="DivideTwoIntegers.cpp">
      <Filter>Questions</Filter>
    </ClCompile>
    <ClCompile Include="RemoveDupFromSortedArrayII.cpp">
      <Filter>Questions</Filter>
    </ClCompile>
    <ClCompile Include="SearchRotatedSortedArrayII.cpp">
      <Filter>Questions</Filter>
    </ClCompile>
    <ClCompile Include="RotateList.cpp">
      <Filter>Questions</Filter>
    </ClCompile>
    <ClCompile Include="SpiralMatrixII.cpp">
      <Filter>Questions</Filter>
    </ClCompile>
    <ClCompile Include="SymmetricTree.cpp">
      <Filter>Questions</Filter>
    </ClCompile>
    <ClCompile Include="BalancedBinaryTree.cpp">
      <Filter>Questions</Filter>
    </ClCompile>
    <ClCompile Include="MaxDepthOfBinaryTree.cpp">
      <Filter>Questions</Filter>
    </ClCompile>
    <ClCompile Include="MinDepthOfBinaryTree.cpp">
      <Filter>Questions</Filter>
    </ClCompile>
    <ClCompile Include="PathSum.cpp">
      <Filter>Questions</Filter>
    </ClCompile>
    <ClCompile Include="ValidPalindrome.cpp">
      <Filter>Questions</Filter>
    </ClCompile>
    <ClCompile Include="SingleNumber.cpp">
      <Filter>Questions</Filter>
    </ClCompile>
    <ClCompile Include="SingleNumberII.cpp">
      <Filter>Questions</Filter>
    </ClCompile>
    <ClCompile Include="BinaryTreeLevelOrderTraversalII.cpp">
      <Filter>Questions</Filter>
    </ClCompile>
    <ClCompile Include="SortedArrayToBST.cpp">
      <Filter>Questions</Filter>
    </ClCompile>
    <ClCompile Include="PascalTriangleII.cpp">
      <Filter>Questions</Filter>
    </ClCompile>
    <ClCompile Include="BinaryTreeLevelOrderTraversal.cpp">
      <Filter>Questions</Filter>
    </ClCompile>
    <ClCompile Include="BestTimeToBuyAndSellStock.cpp">
      <Filter>Questions</Filter>
    </ClCompile>
    <ClCompile Include="BinaryTreeZigzagLevelOrderTraversal.cpp">
      <Filter>Questions</Filter>
    </ClCompile>
    <ClCompile Include="LinkedListCycle.cpp">
      <Filter>Questions</Filter>
    </ClCompile>
    <ClCompile Include="SumRootToLeafNumbers.cpp">
      <Filter>Questions</Filter>
    </ClCompile>
    <ClCompile Include="SortedListToBST.cpp">
      <Filter>Questions</Filter>
    </ClCompile>
    <ClCompile Include="RegularExpressionMatching.cpp">
      <Filter>Questions</Filter>
    </ClCompile>
    <ClCompile Include="ConstructBinaryTreeFromPreIn.cpp">
      <Filter>Questions</Filter>
    </ClCompile>
    <ClCompile Include="ReorderList.cpp">
      <Filter>Questions</Filter>
    </ClCompile>
    <ClCompile Include="FlattenBinaryTreeToLinkedList.cpp">
      <Filter>Questions</Filter>
    </ClCompile>
    <ClCompile Include="LinkedListCycleII.cpp">
      <Filter>Questions</Filter>
    </ClCompile>
    <ClCompile Include="BestTimeToBuyAndSellStockII.cpp">
      <Filter>Questions</Filter>
    </ClCompile>
    <ClCompile Include="PalindromePartitioning.cpp">
      <Filter>Questions</Filter>
    </ClCompile>
    <ClCompile Include="PopNextRPtrsInEachNode.cpp">
      <Filter>Questions</Filter>
    </ClCompile>
    <ClCompile Include="PopNextRPtrsInEachNodeII.cpp">
      <Filter>Questions</Filter>
    </ClCompile>
    <ClCompile Include="DistinctSubsequences.cpp">
      <Filter>Questions</Filter>
    </ClCompile>
    <ClCompile Include="Candy.cpp">
      <Filter>Questions</Filter>
    </ClCompile>
    <ClCompile Include="GasStation.cpp">
      <Filter>Questions</Filter>
    </ClCompile>
    <ClCompile Include="CloneGraph.cpp">
      <Filter>Questions</Filter>
    </ClCompile>
    <ClCompile Include="ReverseBits.cpp">
      <Filter>Questions</Filter>
    </ClCompile>
    <ClCompile Include="MinStack.cpp">
      <Filter>Questions</Filter>
    </ClCompile>
    <ClCompile Include="MajorityElement.cpp">
      <Filter>Questions</Filter>
    </ClCompile>
    <ClCompile Include="ReverseWordsInString.cpp">
      <Filter>Questions</Filter>
    </ClCompile>
    <ClCompile Include="MaxProductSubarray.cpp">
      <Filter>Questions</Filter>
    </ClCompile>
    <ClCompile Include="IntersectionOfTwoLinkedLists.cpp">
      <Filter>Questions</Filter>
    </ClCompile>
    <ClCompile Include="CompareVersionNumbers.cpp">
      <Filter>Questions</Filter>
    </ClCompile>
    <ClCompile Include="FindPeakElements.cpp">
      <Filter>Questions</Filter>
    </ClCompile>
    <ClCompile Include="BinarySearchTreeIterator.cpp">
      <Filter>Questions</Filter>
    </ClCompile>
    <ClCompile Include="ExcelSheetColumnNumber.cpp">
      <Filter>Questions</Filter>
    </ClCompile>
    <ClCompile Include="LargestNumber.cpp">
      <Filter>Questions</Filter>
    </ClCompile>
    <ClCompile Include="WordLadder.cpp">
      <Filter>Questions</Filter>
    </ClCompile>
  </ItemGroup>
  <ItemGroup>
    <ClInclude Include="TestCase.h">
      <Filter>TestSuite</Filter>
    </ClInclude>
    <ClInclude Include="LinkedListCommon.h">
      <Filter>Common</Filter>
    </ClInclude>
    <ClInclude Include="BinaryTreeCommon.h">
      <Filter>Common</Filter>
    </ClInclude>
    <ClInclude Include="GraphCommon.h">
      <Filter>Common</Filter>
    </ClInclude>
  </ItemGroup>
</Project>