<?xml version="1.0" encoding="utf-8"?>
<Project ToolsVersion="4.0" xmlns="http://schemas.microsoft.com/developer/msbuild/2003">
  <ItemGroup>
    <Filter Include="TestSuite">
      <UniqueIdentifier>{db0f39a8-683e-4ca0-990f-059890165e15}</UniqueIdentifier>
    </Filter>
    <Filter Include="Questions">
      <UniqueIdentifier>{4FC737F1-C7A5-4376-A066-2A32D752A2FF}</UniqueIdentifier>
      <Extensions>cpp;c;cc;cxx;def;odl;idl;hpj;bat;asm;asmx</Extensions>
    </Filter>
    <Filter Include="Common">
      <UniqueIdentifier>{b6f1127e-d139-4054-97d3-7d793ee38129}</UniqueIdentifier>
    </Filter>
  </ItemGroup>
  <ItemGroup>
    <ClCompile Include="AddTwoNumbers.cpp">
      <Filter>Questions</Filter>
    </ClCompile>
    <ClCompile Include="MultiplyStrings.cpp">
      <Filter>Questions</Filter>
    </ClCompile>
    <ClCompile Include="TwoSum.cpp">
      <Filter>Questions</Filter>
    </ClCompile>
    <ClCompile Include="WildcardMatching.cpp">
      <Filter>Questions</Filter>
    </ClCompile>
    <ClCompile Include="main.cpp">
      <Filter>TestSuite</Filter>
    </ClCompile>
    <ClCompile Include="TestCase.cpp">
      <Filter>TestSuite</Filter>
    </ClCompile>
    <ClCompile Include="StrStr.cpp">
      <Filter>Questions</Filter>
    </ClCompile>
    <ClCompile Include="3Sum.cpp">
      <Filter>Questions</Filter>
    </ClCompile>
    <ClCompile Include="BST2GST.cpp">
      <Filter>Questions</Filter>
    </ClCompile>
    <ClCompile Include="TimeBasedKVStore.cpp">
      <Filter>Questions</Filter>
    </ClCompile>
    <ClCompile Include="MaximumSubArray.cpp">
      <Filter>Questions</Filter>
    </ClCompile>
    <ClCompile Include="PartionGet.cpp">
      <Filter>Questions</Filter>
    </ClCompile>
    <ClCompile Include="QuickSort.cpp">
      <Filter>Questions</Filter>
    </ClCompile>
    <ClCompile Include="PriorityQueue.cpp">
      <Filter>Questions</Filter>
    </ClCompile>
    <ClCompile Include="HeapSort.cpp">
      <Filter>Questions</Filter>
    </ClCompile>
    <ClCompile Include="PalindromeNumber.cpp">
      <Filter>Questions</Filter>
    </ClCompile>
    <ClCompile Include="PalindromeList.cpp">
      <Filter>Questions</Filter>
    </ClCompile>
    <ClCompile Include="RandomizedSelection.cpp">
      <Filter>Questions</Filter>
    </ClCompile>
    <ClCompile Include="ReverseInt.cpp">
      <Filter>Questions</Filter>
    </ClCompile>
    <ClCompile Include="ReverseLinkedList.cpp">
      <Filter>Questions</Filter>
    </ClCompile>
    <ClCompile Include="ReverseLinkedListII.cpp">
      <Filter>Questions</Filter>
    </ClCompile>
    <ClCompile Include="SortLinkedList.cpp">
      <Filter>Questions</Filter>
    </ClCompile>
    <ClCompile Include="InsertSort.cpp">
      <Filter>Questions</Filter>
    </ClCompile>
    <ClCompile Include="InsertSortList.cpp">
      <Filter>Questions</Filter>
    </ClCompile>
    <ClCompile Include="RemoveLinkedList.cpp">
      <Filter>Questions</Filter>
    </ClCompile>
    <ClCompile Include="MergeTwoSortedList.cpp">
      <Filter>Questions</Filter>
    </ClCompile>
    <ClCompile Include="LengthOfLongestSubstring.cpp">
      <Filter>Questions</Filter>
    </ClCompile>
    <ClCompile Include="RomanToNumber.cpp">
      <Filter>Questions</Filter>
    </ClCompile>
    <ClCompile Include="IntegerToRoman.cpp">
      <Filter>Questions</Filter>
    </ClCompile>
    <ClCompile Include="LongestPalindromicSubstring.cpp">
      <Filter>Questions</Filter>
    </ClCompile>
    <ClCompile Include="ZigZagConversion.cpp">
      <Filter>Questions</Filter>
    </ClCompile>
    <ClCompile Include="ContainerMostWater.cpp">
      <Filter>Questions</Filter>
    </ClCompile>
    <ClCompile Include="ConstructBinaryTree.cpp">
      <Filter>Questions</Filter>
    </ClCompile>
    <ClCompile Include="BinaryTreeInorderTraversal.cpp">
      <Filter>Questions</Filter>
    </ClCompile>
    <ClCompile Include="CountNumbersUniqueDigits.cpp">
      <Filter>Questions</Filter>
    </ClCompile>
    <ClCompile Include="BinaryTreePreorderTraversal.cpp">
      <Filter>Questions</Filter>
    </ClCompile>
    <ClCompile Include="ShoppingOffers.cpp">
      <Filter>Questions</Filter>
    </ClCompile>
    <ClCompile Include="PermutationsII.cpp">
      <Filter>Questions</Filter>
    </ClCompile>
    <ClCompile Include="KeysAndRooms.cpp">
      <Filter>Questions</Filter>
    </ClCompile>
    <ClCompile Include="SubArrayKDifferent.cpp">
      <Filter>Questions</Filter>
    </ClCompile>
    <ClCompile Include="Sqrt.cpp">
      <Filter>Questions</Filter>
    </ClCompile>
    <ClCompile Include="ShiftingLetters.cpp">
      <Filter>Questions</Filter>
    </ClCompile>
    <ClCompile Include="ValidParentheses.cpp">
      <Filter>Questions</Filter>
    </ClCompile>
    <ClCompile Include="SwapNodesPairs.cpp">
      <Filter>Questions</Filter>
    </ClCompile>
    <ClCompile Include="SearchInsert.cpp">
      <Filter>Questions</Filter>
    </ClCompile>
    <ClCompile Include="RemoveElement.cpp">
      <Filter>Questions</Filter>
    </ClCompile>
    <ClCompile Include="RemoveDuplicates.cpp">
      <Filter>Questions</Filter>
    </ClCompile>
    <ClCompile Include="Pow.cpp">
      <Filter>Questions</Filter>
    </ClCompile>
    <ClCompile Include="LongestCommonPrefix.cpp">
      <Filter>Questions</Filter>
    </ClCompile>
    <ClCompile Include="CountAndSay.cpp">
      <Filter>Questions</Filter>
    </ClCompile>
    <ClCompile Include="RotateImage.cpp">
      <Filter>Questions</Filter>
    </ClCompile>
    <ClCompile Include="GroupAnagrams.cpp">
      <Filter>Questions</Filter>
    </ClCompile>
    <ClCompile Include="RemoveNthFromEnd.cpp">
      <Filter>Questions</Filter>
    </ClCompile>
    <ClCompile Include="LetterCombinations.cpp">
      <Filter>Questions</Filter>
    </ClCompile>
    <ClCompile Include="GenerateParenthesis.cpp">
      <Filter>Questions</Filter>
    </ClCompile>
    <ClCompile Include="CombinationSum.cpp">
      <Filter>Questions</Filter>
    </ClCompile>
    <ClCompile Include="TeemoAttacking.cpp">
      <Filter>Questions</Filter>
    </ClCompile>
    <ClCompile Include="MergeIntervals.cpp">
      <Filter>Questions</Filter>
    </ClCompile>
    <ClCompile Include="FindFLPositionInSortedArray.cpp">
      <Filter>Questions</Filter>
    </ClCompile>
    <ClCompile Include="ValidSudoku.cpp">
      <Filter>Questions</Filter>
    </ClCompile>
    <ClCompile Include="SudokuSolver.cpp">
      <Filter>Questions</Filter>
    </ClCompile>
    <ClCompile Include="8Queens.cpp">
      <Filter>Questions</Filter>
    </ClCompile>
    <ClCompile Include="SearchRotatedSortedArray.cpp">
      <Filter>Questions</Filter>
    </ClCompile>
    <ClCompile Include="PlusOne.cpp">
      <Filter>Questions</Filter>
    </ClCompile>
    <ClCompile Include="NQueens.cpp">
      <Filter>Questions</Filter>
    </ClCompile>
    <ClCompile Include="NQueensII.cpp">
      <Filter>Questions</Filter>
    </ClCompile>
    <ClCompile Include="3SumClosest.cpp">
      <Filter>Questions</Filter>
    </ClCompile>
    <ClCompile Include="MostCommonWord.cpp">
      <Filter>Questions</Filter>
    </ClCompile>
    <ClCompile Include="ReverseString.cpp">
      <Filter>Questions</Filter>
    </ClCompile>
    <ClCompile Include="KClosestPointsToOrigin.cpp">
      <Filter>Questions</Filter>
    </ClCompile>
    <ClCompile Include="SingleElementInSortedArray.cpp">
      <Filter>Questions</Filter>
    </ClCompile>
    <ClCompile Include="PathSumII.cpp">
      <Filter>Questions</Filter>
    </ClCompile>
    <ClCompile Include="SubarraySumEqualsK.cpp">
      <Filter>Questions</Filter>
    </ClCompile>
    <ClCompile Include="MaxIncreaseKeepSkyline.cpp">
      <Filter>Questions</Filter>
    </ClCompile>
    <ClCompile Include="LongestCommonSubsequence.cpp">
      <Filter>Questions</Filter>
    </ClCompile>
    <ClCompile Include="Knapsack.cpp">
      <Filter>Questions</Filter>
    </ClCompile>
    <ClCompile Include="ContinuousSubarraySum.cpp">
      <Filter>Questions</Filter>
    </ClCompile>
    <ClCompile Include="4SumII.cpp">
      <Filter>Questions</Filter>
    </ClCompile>
    <ClCompile Include="GenerateRandomPointInCircle.cpp">
      <Filter>Questions</Filter>
    </ClCompile>
    <ClCompile Include="PlaceBrick.cpp">
      <Filter>Questions</Filter>
    </ClCompile>
    <ClCompile Include="UniquePathsII.cpp">
      <Filter>Questions</Filter>
    </ClCompile>
    <ClCompile Include="UniquePaths.cpp">
      <Filter>Questions</Filter>
    </ClCompile>
    <ClCompile Include="UniqueBinarySearchTrees.cpp">
      <Filter>Questions</Filter>
    </ClCompile>
    <ClCompile Include="Triangle.cpp">
      <Filter>Questions</Filter>
    </ClCompile>
    <ClCompile Include="MinimumPathSum.cpp">
      <Filter>Questions</Filter>
    </ClCompile>
    <ClCompile Include="ClimbingStairs.cpp">
      <Filter>Questions</Filter>
    </ClCompile>
    <ClCompile Include="CoinChange.cpp">
      <Filter>Questions</Filter>
    </ClCompile>
    <ClCompile Include="WordBreak.cpp">
      <Filter>Questions</Filter>
    </ClCompile>
    <ClCompile Include="Treap.cpp">
      <Filter>Questions</Filter>
    </ClCompile>
    <ClCompile Include="SpiralMatrix.cpp">
      <Filter>Questions</Filter>
    </ClCompile>
    <ClCompile Include="Search2DMatrix.cpp">
      <Filter>Questions</Filter>
    </ClCompile>
    <ClCompile Include="SameTree.cpp">
      <Filter>Questions</Filter>
    </ClCompile>
    <ClCompile Include="4Sum.cpp">
      <Filter>Questions</Filter>
    </ClCompile>
    <ClCompile Include="DecodeString.cpp">
      <Filter>Questions</Filter>
    </ClCompile>
    <ClCompile Include="LowestCommonAncestor.cpp">
      <Filter>Questions</Filter>
    </ClCompile>
    <ClCompile Include="WordSearchII.cpp">
      <Filter>Questions</Filter>
    </ClCompile>
    <ClCompile Include="WordSubsets.cpp">
      <Filter>Questions</Filter>
    </ClCompile>
  </ItemGroup>
  <ItemGroup>
    <ClInclude Include="TestCase.h">
      <Filter>TestSuite</Filter>
    </ClInclude>
    <ClInclude Include="LinkedListCommon.h">
      <Filter>Common</Filter>
    </ClInclude>
    <ClInclude Include="BinaryTreeCommon.h">
      <Filter>Common</Filter>
    </ClInclude>
  </ItemGroup>
</Project>